// !$*UTF8*$!
{
	archiveVersion = 1;
	classes = {
	};
	objectVersion = 55;
	objects = {

/* Begin PBXBuildFile section */
		753EB7F92865BE1100C0F529 /* Theme+Constants.swift in Sources */ = {isa = PBXBuildFile; fileRef = 753EB7F82865BE1100C0F529 /* Theme+Constants.swift */; };
		753EB7FE2865C1E000C0F529 /* loadInfo.json in Resources */ = {isa = PBXBuildFile; fileRef = 753EB7FD2865C1E000C0F529 /* loadInfo.json */; };
		7584D3DF28AF8DD40095F129 /* Veil in Frameworks */ = {isa = PBXBuildFile; productRef = 7584D3DE28AF8DD40095F129 /* Veil */; };
		7584D3E128AF92EB0095F129 /* UIViewController+Extensions.swift in Sources */ = {isa = PBXBuildFile; fileRef = 7584D3E028AF92EB0095F129 /* UIViewController+Extensions.swift */; };
		75A2EAA028E0AA8400901A96 /* ImageService.swift in Sources */ = {isa = PBXBuildFile; fileRef = 75A2EA9F28E0AA8400901A96 /* ImageService.swift */; };
		75A2EAA228E0AAB200901A96 /* UIImageLoader.swift in Sources */ = {isa = PBXBuildFile; fileRef = 75A2EAA128E0AAB200901A96 /* UIImageLoader.swift */; };
		75A2EAA428E0B07B00901A96 /* FilterType.swift in Sources */ = {isa = PBXBuildFile; fileRef = 75A2EAA328E0B07B00901A96 /* FilterType.swift */; };
		75BFA4BA28A190FA002122E8 /* AddNewPet.storyboard in Resources */ = {isa = PBXBuildFile; fileRef = 75BFA4B928A190FA002122E8 /* AddNewPet.storyboard */; };
		75BFA4BC28A195CB002122E8 /* AddNewPetViewController.swift in Sources */ = {isa = PBXBuildFile; fileRef = 75BFA4BB28A195CB002122E8 /* AddNewPetViewController.swift */; };
		75BFA4BE28A19A3B002122E8 /* AddNewPetCoordinator.swift in Sources */ = {isa = PBXBuildFile; fileRef = 75BFA4BD28A19A3B002122E8 /* AddNewPetCoordinator.swift */; };
		75BFA4C128A43A36002122E8 /* HealthyTextField.xib in Resources */ = {isa = PBXBuildFile; fileRef = 75BFA4C028A43A36002122E8 /* HealthyTextField.xib */; };
		75BFA4C328A43AC8002122E8 /* HealthyTextField.swift in Sources */ = {isa = PBXBuildFile; fileRef = 75BFA4C228A43AC8002122E8 /* HealthyTextField.swift */; };
		75BFA4C528A43B7C002122E8 /* TextFieldType.swift in Sources */ = {isa = PBXBuildFile; fileRef = 75BFA4C428A43B7C002122E8 /* TextFieldType.swift */; };
		75CF788D285BB8800011F933 /* AppDelegate.swift in Sources */ = {isa = PBXBuildFile; fileRef = 75CF788C285BB8800011F933 /* AppDelegate.swift */; };
		75CF788F285BB8800011F933 /* SceneDelegate.swift in Sources */ = {isa = PBXBuildFile; fileRef = 75CF788E285BB8800011F933 /* SceneDelegate.swift */; };
		75CF7891285BB8800011F933 /* HomeViewController.swift in Sources */ = {isa = PBXBuildFile; fileRef = 75CF7890285BB8800011F933 /* HomeViewController.swift */; };
		75CF7894285BB8800011F933 /* Main.storyboard in Resources */ = {isa = PBXBuildFile; fileRef = 75CF7892285BB8800011F933 /* Main.storyboard */; };
		75CF7896285BB8810011F933 /* Assets.xcassets in Resources */ = {isa = PBXBuildFile; fileRef = 75CF7895285BB8810011F933 /* Assets.xcassets */; };
		75CF7899285BB8810011F933 /* LaunchScreen.storyboard in Resources */ = {isa = PBXBuildFile; fileRef = 75CF7897285BB8810011F933 /* LaunchScreen.storyboard */; };
		75CF78A4285BB8810011F933 /* HealthyPetTests.swift in Sources */ = {isa = PBXBuildFile; fileRef = 75CF78A3285BB8810011F933 /* HealthyPetTests.swift */; };
		75CF78AE285BB8810011F933 /* HealthyPetUITests.swift in Sources */ = {isa = PBXBuildFile; fileRef = 75CF78AD285BB8810011F933 /* HealthyPetUITests.swift */; };
		75CF78B0285BB8810011F933 /* HealthyPetUITestsLaunchTests.swift in Sources */ = {isa = PBXBuildFile; fileRef = 75CF78AF285BB8810011F933 /* HealthyPetUITestsLaunchTests.swift */; };
		75CF78C9286368090011F933 /* Request.swift in Sources */ = {isa = PBXBuildFile; fileRef = 75CF78C8286368090011F933 /* Request.swift */; };
		75CF78CB28636A440011F933 /* Networking.swift in Sources */ = {isa = PBXBuildFile; fileRef = 75CF78CA28636A440011F933 /* Networking.swift */; };
		75CF78CD28636A840011F933 /* APIResult.swift in Sources */ = {isa = PBXBuildFile; fileRef = 75CF78CC28636A840011F933 /* APIResult.swift */; };
		75CF78CF28636BF00011F933 /* NetworkingFactory.swift in Sources */ = {isa = PBXBuildFile; fileRef = 75CF78CE28636BF00011F933 /* NetworkingFactory.swift */; };
		75CF78D228636C200011F933 /* API.swift in Sources */ = {isa = PBXBuildFile; fileRef = 75CF78D128636C200011F933 /* API.swift */; };
		75CF78D628636DC50011F933 /* DataCache.swift in Sources */ = {isa = PBXBuildFile; fileRef = 75CF78D528636DC50011F933 /* DataCache.swift */; };
		75CF78D828636FEA0011F933 /* DataSource.swift in Sources */ = {isa = PBXBuildFile; fileRef = 75CF78D728636FEA0011F933 /* DataSource.swift */; };
		75CF78DB2863705F0011F933 /* TimeInterval+Extensions.swift in Sources */ = {isa = PBXBuildFile; fileRef = 75CF78DA2863705F0011F933 /* TimeInterval+Extensions.swift */; };
		75CF78DD2863717B0011F933 /* URL+Extensions.swift in Sources */ = {isa = PBXBuildFile; fileRef = 75CF78DC2863717B0011F933 /* URL+Extensions.swift */; };
		75CF78DF286463FD0011F933 /* API+Breeds.swift in Sources */ = {isa = PBXBuildFile; fileRef = 75CF78DE286463FD0011F933 /* API+Breeds.swift */; };
		75CF78E2286464520011F933 /* DogBreed.swift in Sources */ = {isa = PBXBuildFile; fileRef = 75CF78E1286464510011F933 /* DogBreed.swift */; };
		75CF78E52864662B0011F933 /* GetDogBreedsRequest.swift in Sources */ = {isa = PBXBuildFile; fileRef = 75CF78E42864662B0011F933 /* GetDogBreedsRequest.swift */; };
		75CF78E7286466ED0011F933 /* Headers.swift in Sources */ = {isa = PBXBuildFile; fileRef = 75CF78E6286466EC0011F933 /* Headers.swift */; };
		75CF78E9286471960011F933 /* APIError.swift in Sources */ = {isa = PBXBuildFile; fileRef = 75CF78E8286471960011F933 /* APIError.swift */; };
		75CF78EB286473D50011F933 /* Cache.swift in Sources */ = {isa = PBXBuildFile; fileRef = 75CF78EA286473D50011F933 /* Cache.swift */; };
		75CF78ED286474300011F933 /* DataType+Decoder.swift in Sources */ = {isa = PBXBuildFile; fileRef = 75CF78EC286474300011F933 /* DataType+Decoder.swift */; };
		75CF78F02864796C0011F933 /* Coordinator.swift in Sources */ = {isa = PBXBuildFile; fileRef = 75CF78EF2864796C0011F933 /* Coordinator.swift */; };
		75CF78F2286479930011F933 /* CoordinatorDelegate.swift in Sources */ = {isa = PBXBuildFile; fileRef = 75CF78F1286479930011F933 /* CoordinatorDelegate.swift */; };
		75CF78F4286479A20011F933 /* TabBarItem.swift in Sources */ = {isa = PBXBuildFile; fileRef = 75CF78F3286479A20011F933 /* TabBarItem.swift */; };
		75CF78FC286485950011F933 /* Theme+Colors.swift in Sources */ = {isa = PBXBuildFile; fileRef = 75CF78FB286485950011F933 /* Theme+Colors.swift */; };
		75CF78FE28648A740011F933 /* UIImage+Extensions.swift in Sources */ = {isa = PBXBuildFile; fileRef = 75CF78FD28648A740011F933 /* UIImage+Extensions.swift */; };
		75CF790028648B2F0011F933 /* TabBarViewController.swift in Sources */ = {isa = PBXBuildFile; fileRef = 75CF78FF28648B2F0011F933 /* TabBarViewController.swift */; };
		75CF790228648CB00011F933 /* HomeCoordinator.swift in Sources */ = {isa = PBXBuildFile; fileRef = 75CF790128648CB00011F933 /* HomeCoordinator.swift */; };
		75CF790528648D5C0011F933 /* StoryboardController.swift in Sources */ = {isa = PBXBuildFile; fileRef = 75CF790428648D5C0011F933 /* StoryboardController.swift */; };
		75CF790728648D800011F933 /* Storyboard.swift in Sources */ = {isa = PBXBuildFile; fileRef = 75CF790628648D800011F933 /* Storyboard.swift */; };
		75CF790928648DF60011F933 /* ApplicationCoordinator.swift in Sources */ = {isa = PBXBuildFile; fileRef = 75CF790828648DF60011F933 /* ApplicationCoordinator.swift */; };
		75CF790B28648E3A0011F933 /* TabBarCoordinator.swift in Sources */ = {isa = PBXBuildFile; fileRef = 75CF790A28648E3A0011F933 /* TabBarCoordinator.swift */; };
		75D4058128E0680900EDA918 /* FirebaseDatabase in Frameworks */ = {isa = PBXBuildFile; productRef = 75D4058028E0680900EDA918 /* FirebaseDatabase */; };
		75D4058328E0680A00EDA918 /* FirebaseDatabaseSwift in Frameworks */ = {isa = PBXBuildFile; productRef = 75D4058228E0680A00EDA918 /* FirebaseDatabaseSwift */; };
		75D4058528E0680A00EDA918 /* FirebaseFirestoreSwift in Frameworks */ = {isa = PBXBuildFile; productRef = 75D4058428E0680A00EDA918 /* FirebaseFirestoreSwift */; };
		75D4058728E0680A00EDA918 /* FirebaseStorage in Frameworks */ = {isa = PBXBuildFile; productRef = 75D4058628E0680A00EDA918 /* FirebaseStorage */; };
		75D4058928E0680A00EDA918 /* FirebaseStorageCombine-Community in Frameworks */ = {isa = PBXBuildFile; productRef = 75D4058828E0680A00EDA918 /* FirebaseStorageCombine-Community */; };
		75D4058B28E06D9800EDA918 /* UIButton+Extensions.swift in Sources */ = {isa = PBXBuildFile; fileRef = 75D4058A28E06D9800EDA918 /* UIButton+Extensions.swift */; };
		75D4058D28E06F9A00EDA918 /* GetCatBreedsRequest.swift in Sources */ = {isa = PBXBuildFile; fileRef = 75D4058C28E06F9A00EDA918 /* GetCatBreedsRequest.swift */; };
		75D4058F28E071B500EDA918 /* CatBreed.swift in Sources */ = {isa = PBXBuildFile; fileRef = 75D4058E28E071B500EDA918 /* CatBreed.swift */; };
		75D4059228E0773200EDA918 /* AnimalTableViewCell.xib in Resources */ = {isa = PBXBuildFile; fileRef = 75D4059128E0773200EDA918 /* AnimalTableViewCell.xib */; };
		75D4059428E079DB00EDA918 /* AnimalTableViewCell.swift in Sources */ = {isa = PBXBuildFile; fileRef = 75D4059328E079DB00EDA918 /* AnimalTableViewCell.swift */; };
		75D4059628E095A900EDA918 /* HomeViewModel.swift in Sources */ = {isa = PBXBuildFile; fileRef = 75D4059528E095A900EDA918 /* HomeViewModel.swift */; };
		75D4059828E0968200EDA918 /* HomeDataUpdater.swift in Sources */ = {isa = PBXBuildFile; fileRef = 75D4059728E0968200EDA918 /* HomeDataUpdater.swift */; };
		75D4059B28E09D3100EDA918 /* HomeEmptyViewController.swift in Sources */ = {isa = PBXBuildFile; fileRef = 75D4059A28E09D3100EDA918 /* HomeEmptyViewController.swift */; };
		75D4FBD028D3B57300C6BF5E /* AnimalType.swift in Sources */ = {isa = PBXBuildFile; fileRef = 75D4FBCF28D3B57300C6BF5E /* AnimalType.swift */; };
		75D4FBD228D3B73900C6BF5E /* BreedsService.swift in Sources */ = {isa = PBXBuildFile; fileRef = 75D4FBD128D3B73900C6BF5E /* BreedsService.swift */; };
		75D4FBD628D3BF8700C6BF5E /* SelectOptionViewModel.swift in Sources */ = {isa = PBXBuildFile; fileRef = 75D4FBD528D3BF8700C6BF5E /* SelectOptionViewModel.swift */; };
		75D4FBD828D3BFAB00C6BF5E /* SelectOptionCoordinator.swift in Sources */ = {isa = PBXBuildFile; fileRef = 75D4FBD728D3BFAB00C6BF5E /* SelectOptionCoordinator.swift */; };
		75D4FBDB28D3C0EB00C6BF5E /* SelectBreedTableViewCell.xib in Resources */ = {isa = PBXBuildFile; fileRef = 75D4FBDA28D3C0EB00C6BF5E /* SelectBreedTableViewCell.xib */; };
		75D4FBDE28D3C18600C6BF5E /* SelectBreedTableViewCell.swift in Sources */ = {isa = PBXBuildFile; fileRef = 75D4FBDD28D3C18600C6BF5E /* SelectBreedTableViewCell.swift */; };
		75D4FBE028D3C33C00C6BF5E /* Reusable.swift in Sources */ = {isa = PBXBuildFile; fileRef = 75D4FBDF28D3C33C00C6BF5E /* Reusable.swift */; };
		75DFCCDD28D0F8BC0079B157 /* FirebaseHelper.swift in Sources */ = {isa = PBXBuildFile; fileRef = 75DFCCDC28D0F8BC0079B157 /* FirebaseHelper.swift */; };
		75DFCCDF28D10BC50079B157 /* AddNewPetViewModel.swift in Sources */ = {isa = PBXBuildFile; fileRef = 75DFCCDE28D10BC50079B157 /* AddNewPetViewModel.swift */; };
		75E099F128CE0EF3009DAAE4 /* DateFormatter+Extensions.swift in Sources */ = {isa = PBXBuildFile; fileRef = 75E099F028CE0EF3009DAAE4 /* DateFormatter+Extensions.swift */; };
		75E099F528CE147B009DAAE4 /* HealthyDropdown.xib in Resources */ = {isa = PBXBuildFile; fileRef = 75E099F428CE147B009DAAE4 /* HealthyDropdown.xib */; };
		75E099F728CE14F4009DAAE4 /* HealthyDropdown.swift in Sources */ = {isa = PBXBuildFile; fileRef = 75E099F628CE14F4009DAAE4 /* HealthyDropdown.swift */; };
		75E099F928CE25C0009DAAE4 /* SelectOptionViewController.swift in Sources */ = {isa = PBXBuildFile; fileRef = 75E099F828CE25C0009DAAE4 /* SelectOptionViewController.swift */; };
		75E099FC28CE2712009DAAE4 /* Animal.swift in Sources */ = {isa = PBXBuildFile; fileRef = 75E099FB28CE2712009DAAE4 /* Animal.swift */; };
		75E09A0028CE2AAB009DAAE4 /* GoogleService-Info.plist in Resources */ = {isa = PBXBuildFile; fileRef = 75E099FF28CE2AAB009DAAE4 /* GoogleService-Info.plist */; };
		75E8EF652875B37D00FBB28D /* SearchView.xib in Resources */ = {isa = PBXBuildFile; fileRef = 75E8EF642875B37D00FBB28D /* SearchView.xib */; };
		75E8EF6F2875C07700FBB28D /* Theme+Fonts.swift in Sources */ = {isa = PBXBuildFile; fileRef = 75E8EF6E2875C07700FBB28D /* Theme+Fonts.swift */; };
		75E8EF722875D23400FBB28D /* SearchView.swift in Sources */ = {isa = PBXBuildFile; fileRef = 75E8EF712875D23400FBB28D /* SearchView.swift */; };
		75E8EF742875D41000FBB28D /* UIView+Extensions.swift in Sources */ = {isa = PBXBuildFile; fileRef = 75E8EF732875D41000FBB28D /* UIView+Extensions.swift */; };
		75E8EF752875DCBB00FBB28D /* OpenSans-Light.otf in Resources */ = {isa = PBXBuildFile; fileRef = 75E8EF6B2875BAC400FBB28D /* OpenSans-Light.otf */; };
		75E8EF762875DCBC00FBB28D /* OpenSans-Light.otf in Resources */ = {isa = PBXBuildFile; fileRef = 75E8EF6B2875BAC400FBB28D /* OpenSans-Light.otf */; };
		75E8EF772875DCBD00FBB28D /* OpenSans-Light.otf in Resources */ = {isa = PBXBuildFile; fileRef = 75E8EF6B2875BAC400FBB28D /* OpenSans-Light.otf */; };
		75E8EF782875DCC000FBB28D /* OpenSans-Bold.otf in Resources */ = {isa = PBXBuildFile; fileRef = 75E8EF692875BA8600FBB28D /* OpenSans-Bold.otf */; };
		75E8EF792875DCC000FBB28D /* OpenSans-Bold.otf in Resources */ = {isa = PBXBuildFile; fileRef = 75E8EF692875BA8600FBB28D /* OpenSans-Bold.otf */; };
		75E8EF7A2875DCC100FBB28D /* OpenSans-Bold.otf in Resources */ = {isa = PBXBuildFile; fileRef = 75E8EF692875BA8600FBB28D /* OpenSans-Bold.otf */; };
		75E8EF7B2875DCC300FBB28D /* OpenSans-Regular.otf in Resources */ = {isa = PBXBuildFile; fileRef = 75E8EF6A2875BA8600FBB28D /* OpenSans-Regular.otf */; };
		75E8EF7C2875DCC400FBB28D /* OpenSans-Regular.otf in Resources */ = {isa = PBXBuildFile; fileRef = 75E8EF6A2875BA8600FBB28D /* OpenSans-Regular.otf */; };
		75E8EF7D2875DCC500FBB28D /* OpenSans-Regular.otf in Resources */ = {isa = PBXBuildFile; fileRef = 75E8EF6A2875BA8600FBB28D /* OpenSans-Regular.otf */; };
		75E8EF862876D3B000FBB28D /* FilterView.xib in Resources */ = {isa = PBXBuildFile; fileRef = 75E8EF852876D3B000FBB28D /* FilterView.xib */; };
		75E8EF882876D46800FBB28D /* FilterView.swift in Sources */ = {isa = PBXBuildFile; fileRef = 75E8EF872876D46800FBB28D /* FilterView.swift */; };
		75E8EF8A2876D4F400FBB28D /* FilterButton.swift in Sources */ = {isa = PBXBuildFile; fileRef = 75E8EF892876D4F400FBB28D /* FilterButton.swift */; };
		75E8EF8C2878650C00FBB28D /* Theme+Dimensions.swift in Sources */ = {isa = PBXBuildFile; fileRef = 75E8EF8B2878650C00FBB28D /* Theme+Dimensions.swift */; };
		85E76A5D7C403D8684027031 /* Pods_HealthyPetTests.framework in Frameworks */ = {isa = PBXBuildFile; fileRef = 905886FF269EC2A57630C6A2 /* Pods_HealthyPetTests.framework */; };
		D22852B770444BA135B2CF2B /* Pods_HealthyPet.framework in Frameworks */ = {isa = PBXBuildFile; fileRef = 2B85FEE692495B2FCE600552 /* Pods_HealthyPet.framework */; };
		FDB03406474457BCF4140FD7 /* Pods_HealthyPet_HealthyPetUITests.framework in Frameworks */ = {isa = PBXBuildFile; fileRef = A8CEAA463E950A3022CA93A6 /* Pods_HealthyPet_HealthyPetUITests.framework */; };
/* End PBXBuildFile section */

/* Begin PBXContainerItemProxy section */
		75CF78A0285BB8810011F933 /* PBXContainerItemProxy */ = {
			isa = PBXContainerItemProxy;
			containerPortal = 75CF7881285BB87F0011F933 /* Project object */;
			proxyType = 1;
			remoteGlobalIDString = 75CF7888285BB8800011F933;
			remoteInfo = HealthyPet;
		};
		75CF78AA285BB8810011F933 /* PBXContainerItemProxy */ = {
			isa = PBXContainerItemProxy;
			containerPortal = 75CF7881285BB87F0011F933 /* Project object */;
			proxyType = 1;
			remoteGlobalIDString = 75CF7888285BB8800011F933;
			remoteInfo = HealthyPet;
		};
/* End PBXContainerItemProxy section */

/* Begin PBXFileReference section */
		2B85FEE692495B2FCE600552 /* Pods_HealthyPet.framework */ = {isa = PBXFileReference; explicitFileType = wrapper.framework; includeInIndex = 0; path = Pods_HealthyPet.framework; sourceTree = BUILT_PRODUCTS_DIR; };
		302B24886AA338FA514E8AF0 /* Pods-HealthyPet.debug.xcconfig */ = {isa = PBXFileReference; includeInIndex = 1; lastKnownFileType = text.xcconfig; name = "Pods-HealthyPet.debug.xcconfig"; path = "Target Support Files/Pods-HealthyPet/Pods-HealthyPet.debug.xcconfig"; sourceTree = "<group>"; };
		461E8673757921F4763EDC99 /* Pods-HealthyPetTests.release.xcconfig */ = {isa = PBXFileReference; includeInIndex = 1; lastKnownFileType = text.xcconfig; name = "Pods-HealthyPetTests.release.xcconfig"; path = "Target Support Files/Pods-HealthyPetTests/Pods-HealthyPetTests.release.xcconfig"; sourceTree = "<group>"; };
		65714C1432747EE62431B0F0 /* Pods-HealthyPet.release.xcconfig */ = {isa = PBXFileReference; includeInIndex = 1; lastKnownFileType = text.xcconfig; name = "Pods-HealthyPet.release.xcconfig"; path = "Target Support Files/Pods-HealthyPet/Pods-HealthyPet.release.xcconfig"; sourceTree = "<group>"; };
		753EB7F82865BE1100C0F529 /* Theme+Constants.swift */ = {isa = PBXFileReference; lastKnownFileType = sourcecode.swift; path = "Theme+Constants.swift"; sourceTree = "<group>"; };
		753EB7FD2865C1E000C0F529 /* loadInfo.json */ = {isa = PBXFileReference; fileEncoding = 4; lastKnownFileType = text.json; path = loadInfo.json; sourceTree = "<group>"; };
		7584D3E028AF92EB0095F129 /* UIViewController+Extensions.swift */ = {isa = PBXFileReference; lastKnownFileType = sourcecode.swift; path = "UIViewController+Extensions.swift"; sourceTree = "<group>"; };
		75A2EA9F28E0AA8400901A96 /* ImageService.swift */ = {isa = PBXFileReference; lastKnownFileType = sourcecode.swift; path = ImageService.swift; sourceTree = "<group>"; };
		75A2EAA128E0AAB200901A96 /* UIImageLoader.swift */ = {isa = PBXFileReference; lastKnownFileType = sourcecode.swift; path = UIImageLoader.swift; sourceTree = "<group>"; };
		75A2EAA328E0B07B00901A96 /* FilterType.swift */ = {isa = PBXFileReference; lastKnownFileType = sourcecode.swift; path = FilterType.swift; sourceTree = "<group>"; };
		75BFA4B928A190FA002122E8 /* AddNewPet.storyboard */ = {isa = PBXFileReference; lastKnownFileType = file.storyboard; path = AddNewPet.storyboard; sourceTree = "<group>"; };
		75BFA4BB28A195CB002122E8 /* AddNewPetViewController.swift */ = {isa = PBXFileReference; lastKnownFileType = sourcecode.swift; path = AddNewPetViewController.swift; sourceTree = "<group>"; };
		75BFA4BD28A19A3B002122E8 /* AddNewPetCoordinator.swift */ = {isa = PBXFileReference; lastKnownFileType = sourcecode.swift; path = AddNewPetCoordinator.swift; sourceTree = "<group>"; };
		75BFA4C028A43A36002122E8 /* HealthyTextField.xib */ = {isa = PBXFileReference; lastKnownFileType = file.xib; path = HealthyTextField.xib; sourceTree = "<group>"; };
		75BFA4C228A43AC8002122E8 /* HealthyTextField.swift */ = {isa = PBXFileReference; lastKnownFileType = sourcecode.swift; path = HealthyTextField.swift; sourceTree = "<group>"; };
		75BFA4C428A43B7C002122E8 /* TextFieldType.swift */ = {isa = PBXFileReference; lastKnownFileType = sourcecode.swift; path = TextFieldType.swift; sourceTree = "<group>"; };
		75CF7889285BB8800011F933 /* HealthyPet.app */ = {isa = PBXFileReference; explicitFileType = wrapper.application; includeInIndex = 0; path = HealthyPet.app; sourceTree = BUILT_PRODUCTS_DIR; };
		75CF788C285BB8800011F933 /* AppDelegate.swift */ = {isa = PBXFileReference; lastKnownFileType = sourcecode.swift; path = AppDelegate.swift; sourceTree = "<group>"; };
		75CF788E285BB8800011F933 /* SceneDelegate.swift */ = {isa = PBXFileReference; lastKnownFileType = sourcecode.swift; path = SceneDelegate.swift; sourceTree = "<group>"; };
		75CF7890285BB8800011F933 /* HomeViewController.swift */ = {isa = PBXFileReference; lastKnownFileType = sourcecode.swift; path = HomeViewController.swift; sourceTree = "<group>"; };
		75CF7893285BB8800011F933 /* Base */ = {isa = PBXFileReference; lastKnownFileType = file.storyboard; name = Base; path = Base.lproj/Main.storyboard; sourceTree = "<group>"; };
		75CF7895285BB8810011F933 /* Assets.xcassets */ = {isa = PBXFileReference; lastKnownFileType = folder.assetcatalog; path = Assets.xcassets; sourceTree = "<group>"; };
		75CF7898285BB8810011F933 /* Base */ = {isa = PBXFileReference; lastKnownFileType = file.storyboard; name = Base; path = Base.lproj/LaunchScreen.storyboard; sourceTree = "<group>"; };
		75CF789A285BB8810011F933 /* Info.plist */ = {isa = PBXFileReference; lastKnownFileType = text.plist.xml; path = Info.plist; sourceTree = "<group>"; };
		75CF789F285BB8810011F933 /* HealthyPetTests.xctest */ = {isa = PBXFileReference; explicitFileType = wrapper.cfbundle; includeInIndex = 0; path = HealthyPetTests.xctest; sourceTree = BUILT_PRODUCTS_DIR; };
		75CF78A3285BB8810011F933 /* HealthyPetTests.swift */ = {isa = PBXFileReference; lastKnownFileType = sourcecode.swift; path = HealthyPetTests.swift; sourceTree = "<group>"; };
		75CF78A9285BB8810011F933 /* HealthyPetUITests.xctest */ = {isa = PBXFileReference; explicitFileType = wrapper.cfbundle; includeInIndex = 0; path = HealthyPetUITests.xctest; sourceTree = BUILT_PRODUCTS_DIR; };
		75CF78AD285BB8810011F933 /* HealthyPetUITests.swift */ = {isa = PBXFileReference; lastKnownFileType = sourcecode.swift; path = HealthyPetUITests.swift; sourceTree = "<group>"; };
		75CF78AF285BB8810011F933 /* HealthyPetUITestsLaunchTests.swift */ = {isa = PBXFileReference; lastKnownFileType = sourcecode.swift; path = HealthyPetUITestsLaunchTests.swift; sourceTree = "<group>"; };
		75CF78C8286368090011F933 /* Request.swift */ = {isa = PBXFileReference; lastKnownFileType = sourcecode.swift; path = Request.swift; sourceTree = "<group>"; };
		75CF78CA28636A440011F933 /* Networking.swift */ = {isa = PBXFileReference; lastKnownFileType = sourcecode.swift; path = Networking.swift; sourceTree = "<group>"; };
		75CF78CC28636A840011F933 /* APIResult.swift */ = {isa = PBXFileReference; lastKnownFileType = sourcecode.swift; path = APIResult.swift; sourceTree = "<group>"; };
		75CF78CE28636BF00011F933 /* NetworkingFactory.swift */ = {isa = PBXFileReference; lastKnownFileType = sourcecode.swift; path = NetworkingFactory.swift; sourceTree = "<group>"; };
		75CF78D128636C200011F933 /* API.swift */ = {isa = PBXFileReference; lastKnownFileType = sourcecode.swift; path = API.swift; sourceTree = "<group>"; };
		75CF78D528636DC50011F933 /* DataCache.swift */ = {isa = PBXFileReference; lastKnownFileType = sourcecode.swift; path = DataCache.swift; sourceTree = "<group>"; };
		75CF78D728636FEA0011F933 /* DataSource.swift */ = {isa = PBXFileReference; lastKnownFileType = sourcecode.swift; path = DataSource.swift; sourceTree = "<group>"; };
		75CF78DA2863705F0011F933 /* TimeInterval+Extensions.swift */ = {isa = PBXFileReference; lastKnownFileType = sourcecode.swift; path = "TimeInterval+Extensions.swift"; sourceTree = "<group>"; };
		75CF78DC2863717B0011F933 /* URL+Extensions.swift */ = {isa = PBXFileReference; lastKnownFileType = sourcecode.swift; path = "URL+Extensions.swift"; sourceTree = "<group>"; };
		75CF78DE286463FD0011F933 /* API+Breeds.swift */ = {isa = PBXFileReference; lastKnownFileType = sourcecode.swift; path = "API+Breeds.swift"; sourceTree = "<group>"; };
		75CF78E1286464510011F933 /* DogBreed.swift */ = {isa = PBXFileReference; lastKnownFileType = sourcecode.swift; path = DogBreed.swift; sourceTree = "<group>"; };
		75CF78E42864662B0011F933 /* GetDogBreedsRequest.swift */ = {isa = PBXFileReference; lastKnownFileType = sourcecode.swift; path = GetDogBreedsRequest.swift; sourceTree = "<group>"; };
		75CF78E6286466EC0011F933 /* Headers.swift */ = {isa = PBXFileReference; lastKnownFileType = sourcecode.swift; path = Headers.swift; sourceTree = "<group>"; };
		75CF78E8286471960011F933 /* APIError.swift */ = {isa = PBXFileReference; lastKnownFileType = sourcecode.swift; path = APIError.swift; sourceTree = "<group>"; };
		75CF78EA286473D50011F933 /* Cache.swift */ = {isa = PBXFileReference; lastKnownFileType = sourcecode.swift; path = Cache.swift; sourceTree = "<group>"; };
		75CF78EC286474300011F933 /* DataType+Decoder.swift */ = {isa = PBXFileReference; lastKnownFileType = sourcecode.swift; path = "DataType+Decoder.swift"; sourceTree = "<group>"; };
		75CF78EF2864796C0011F933 /* Coordinator.swift */ = {isa = PBXFileReference; lastKnownFileType = sourcecode.swift; path = Coordinator.swift; sourceTree = "<group>"; };
		75CF78F1286479930011F933 /* CoordinatorDelegate.swift */ = {isa = PBXFileReference; lastKnownFileType = sourcecode.swift; path = CoordinatorDelegate.swift; sourceTree = "<group>"; };
		75CF78F3286479A20011F933 /* TabBarItem.swift */ = {isa = PBXFileReference; lastKnownFileType = sourcecode.swift; path = TabBarItem.swift; sourceTree = "<group>"; };
		75CF78FB286485950011F933 /* Theme+Colors.swift */ = {isa = PBXFileReference; lastKnownFileType = sourcecode.swift; path = "Theme+Colors.swift"; sourceTree = "<group>"; };
		75CF78FD28648A740011F933 /* UIImage+Extensions.swift */ = {isa = PBXFileReference; lastKnownFileType = sourcecode.swift; path = "UIImage+Extensions.swift"; sourceTree = "<group>"; };
		75CF78FF28648B2F0011F933 /* TabBarViewController.swift */ = {isa = PBXFileReference; lastKnownFileType = sourcecode.swift; path = TabBarViewController.swift; sourceTree = "<group>"; };
		75CF790128648CB00011F933 /* HomeCoordinator.swift */ = {isa = PBXFileReference; lastKnownFileType = sourcecode.swift; path = HomeCoordinator.swift; sourceTree = "<group>"; };
		75CF790428648D5C0011F933 /* StoryboardController.swift */ = {isa = PBXFileReference; lastKnownFileType = sourcecode.swift; path = StoryboardController.swift; sourceTree = "<group>"; };
		75CF790628648D800011F933 /* Storyboard.swift */ = {isa = PBXFileReference; lastKnownFileType = sourcecode.swift; path = Storyboard.swift; sourceTree = "<group>"; };
		75CF790828648DF60011F933 /* ApplicationCoordinator.swift */ = {isa = PBXFileReference; lastKnownFileType = sourcecode.swift; path = ApplicationCoordinator.swift; sourceTree = "<group>"; };
		75CF790A28648E3A0011F933 /* TabBarCoordinator.swift */ = {isa = PBXFileReference; lastKnownFileType = sourcecode.swift; path = TabBarCoordinator.swift; sourceTree = "<group>"; };
		75D4058A28E06D9800EDA918 /* UIButton+Extensions.swift */ = {isa = PBXFileReference; lastKnownFileType = sourcecode.swift; path = "UIButton+Extensions.swift"; sourceTree = "<group>"; };
		75D4058C28E06F9A00EDA918 /* GetCatBreedsRequest.swift */ = {isa = PBXFileReference; lastKnownFileType = sourcecode.swift; path = GetCatBreedsRequest.swift; sourceTree = "<group>"; };
		75D4058E28E071B500EDA918 /* CatBreed.swift */ = {isa = PBXFileReference; lastKnownFileType = sourcecode.swift; path = CatBreed.swift; sourceTree = "<group>"; };
		75D4059128E0773200EDA918 /* AnimalTableViewCell.xib */ = {isa = PBXFileReference; lastKnownFileType = file.xib; path = AnimalTableViewCell.xib; sourceTree = "<group>"; };
		75D4059328E079DB00EDA918 /* AnimalTableViewCell.swift */ = {isa = PBXFileReference; lastKnownFileType = sourcecode.swift; path = AnimalTableViewCell.swift; sourceTree = "<group>"; };
		75D4059528E095A900EDA918 /* HomeViewModel.swift */ = {isa = PBXFileReference; lastKnownFileType = sourcecode.swift; path = HomeViewModel.swift; sourceTree = "<group>"; };
		75D4059728E0968200EDA918 /* HomeDataUpdater.swift */ = {isa = PBXFileReference; lastKnownFileType = sourcecode.swift; path = HomeDataUpdater.swift; sourceTree = "<group>"; };
		75D4059A28E09D3100EDA918 /* HomeEmptyViewController.swift */ = {isa = PBXFileReference; lastKnownFileType = sourcecode.swift; path = HomeEmptyViewController.swift; sourceTree = "<group>"; };
		75D4FBCF28D3B57300C6BF5E /* AnimalType.swift */ = {isa = PBXFileReference; lastKnownFileType = sourcecode.swift; path = AnimalType.swift; sourceTree = "<group>"; };
		75D4FBD128D3B73900C6BF5E /* BreedsService.swift */ = {isa = PBXFileReference; lastKnownFileType = sourcecode.swift; path = BreedsService.swift; sourceTree = "<group>"; };
		75D4FBD528D3BF8700C6BF5E /* SelectOptionViewModel.swift */ = {isa = PBXFileReference; lastKnownFileType = sourcecode.swift; path = SelectOptionViewModel.swift; sourceTree = "<group>"; };
		75D4FBD728D3BFAB00C6BF5E /* SelectOptionCoordinator.swift */ = {isa = PBXFileReference; lastKnownFileType = sourcecode.swift; path = SelectOptionCoordinator.swift; sourceTree = "<group>"; };
		75D4FBDA28D3C0EB00C6BF5E /* SelectBreedTableViewCell.xib */ = {isa = PBXFileReference; lastKnownFileType = file.xib; path = SelectBreedTableViewCell.xib; sourceTree = "<group>"; };
		75D4FBDD28D3C18600C6BF5E /* SelectBreedTableViewCell.swift */ = {isa = PBXFileReference; lastKnownFileType = sourcecode.swift; path = SelectBreedTableViewCell.swift; sourceTree = "<group>"; };
		75D4FBDF28D3C33C00C6BF5E /* Reusable.swift */ = {isa = PBXFileReference; lastKnownFileType = sourcecode.swift; path = Reusable.swift; sourceTree = "<group>"; };
		75DFCCDC28D0F8BC0079B157 /* FirebaseHelper.swift */ = {isa = PBXFileReference; lastKnownFileType = sourcecode.swift; path = FirebaseHelper.swift; sourceTree = "<group>"; };
		75DFCCDE28D10BC50079B157 /* AddNewPetViewModel.swift */ = {isa = PBXFileReference; lastKnownFileType = sourcecode.swift; path = AddNewPetViewModel.swift; sourceTree = "<group>"; };
		75E099F028CE0EF3009DAAE4 /* DateFormatter+Extensions.swift */ = {isa = PBXFileReference; lastKnownFileType = sourcecode.swift; path = "DateFormatter+Extensions.swift"; sourceTree = "<group>"; };
		75E099F428CE147B009DAAE4 /* HealthyDropdown.xib */ = {isa = PBXFileReference; lastKnownFileType = file.xib; path = HealthyDropdown.xib; sourceTree = "<group>"; };
		75E099F628CE14F4009DAAE4 /* HealthyDropdown.swift */ = {isa = PBXFileReference; lastKnownFileType = sourcecode.swift; path = HealthyDropdown.swift; sourceTree = "<group>"; };
		75E099F828CE25C0009DAAE4 /* SelectOptionViewController.swift */ = {isa = PBXFileReference; lastKnownFileType = sourcecode.swift; path = SelectOptionViewController.swift; sourceTree = "<group>"; };
		75E099FB28CE2712009DAAE4 /* Animal.swift */ = {isa = PBXFileReference; lastKnownFileType = sourcecode.swift; path = Animal.swift; sourceTree = "<group>"; };
		75E099FF28CE2AAB009DAAE4 /* GoogleService-Info.plist */ = {isa = PBXFileReference; fileEncoding = 4; lastKnownFileType = text.plist.xml; path = "GoogleService-Info.plist"; sourceTree = "<group>"; };
		75E8EF642875B37D00FBB28D /* SearchView.xib */ = {isa = PBXFileReference; lastKnownFileType = file.xib; path = SearchView.xib; sourceTree = "<group>"; };
		75E8EF692875BA8600FBB28D /* OpenSans-Bold.otf */ = {isa = PBXFileReference; lastKnownFileType = file; path = "OpenSans-Bold.otf"; sourceTree = "<group>"; };
		75E8EF6A2875BA8600FBB28D /* OpenSans-Regular.otf */ = {isa = PBXFileReference; lastKnownFileType = file; path = "OpenSans-Regular.otf"; sourceTree = "<group>"; };
		75E8EF6B2875BAC400FBB28D /* OpenSans-Light.otf */ = {isa = PBXFileReference; lastKnownFileType = file; path = "OpenSans-Light.otf"; sourceTree = "<group>"; };
		75E8EF6E2875C07700FBB28D /* Theme+Fonts.swift */ = {isa = PBXFileReference; lastKnownFileType = sourcecode.swift; path = "Theme+Fonts.swift"; sourceTree = "<group>"; };
		75E8EF712875D23400FBB28D /* SearchView.swift */ = {isa = PBXFileReference; lastKnownFileType = sourcecode.swift; path = SearchView.swift; sourceTree = "<group>"; };
		75E8EF732875D41000FBB28D /* UIView+Extensions.swift */ = {isa = PBXFileReference; lastKnownFileType = sourcecode.swift; path = "UIView+Extensions.swift"; sourceTree = "<group>"; };
		75E8EF852876D3B000FBB28D /* FilterView.xib */ = {isa = PBXFileReference; lastKnownFileType = file.xib; path = FilterView.xib; sourceTree = "<group>"; };
		75E8EF872876D46800FBB28D /* FilterView.swift */ = {isa = PBXFileReference; lastKnownFileType = sourcecode.swift; path = FilterView.swift; sourceTree = "<group>"; };
		75E8EF892876D4F400FBB28D /* FilterButton.swift */ = {isa = PBXFileReference; fileEncoding = 4; lastKnownFileType = sourcecode.swift; path = FilterButton.swift; sourceTree = "<group>"; };
		75E8EF8B2878650C00FBB28D /* Theme+Dimensions.swift */ = {isa = PBXFileReference; lastKnownFileType = sourcecode.swift; path = "Theme+Dimensions.swift"; sourceTree = "<group>"; };
		7ED8903CB75201291BAD0690 /* Pods-HealthyPet-HealthyPetUITests.debug.xcconfig */ = {isa = PBXFileReference; includeInIndex = 1; lastKnownFileType = text.xcconfig; name = "Pods-HealthyPet-HealthyPetUITests.debug.xcconfig"; path = "Target Support Files/Pods-HealthyPet-HealthyPetUITests/Pods-HealthyPet-HealthyPetUITests.debug.xcconfig"; sourceTree = "<group>"; };
		905886FF269EC2A57630C6A2 /* Pods_HealthyPetTests.framework */ = {isa = PBXFileReference; explicitFileType = wrapper.framework; includeInIndex = 0; path = Pods_HealthyPetTests.framework; sourceTree = BUILT_PRODUCTS_DIR; };
		A8CEAA463E950A3022CA93A6 /* Pods_HealthyPet_HealthyPetUITests.framework */ = {isa = PBXFileReference; explicitFileType = wrapper.framework; includeInIndex = 0; path = Pods_HealthyPet_HealthyPetUITests.framework; sourceTree = BUILT_PRODUCTS_DIR; };
		DE86D6DDB88C935220B3DBAB /* Pods-HealthyPetTests.debug.xcconfig */ = {isa = PBXFileReference; includeInIndex = 1; lastKnownFileType = text.xcconfig; name = "Pods-HealthyPetTests.debug.xcconfig"; path = "Target Support Files/Pods-HealthyPetTests/Pods-HealthyPetTests.debug.xcconfig"; sourceTree = "<group>"; };
		E48020F310C2F9A8972A2074 /* Pods-HealthyPet-HealthyPetUITests.release.xcconfig */ = {isa = PBXFileReference; includeInIndex = 1; lastKnownFileType = text.xcconfig; name = "Pods-HealthyPet-HealthyPetUITests.release.xcconfig"; path = "Target Support Files/Pods-HealthyPet-HealthyPetUITests/Pods-HealthyPet-HealthyPetUITests.release.xcconfig"; sourceTree = "<group>"; };
/* End PBXFileReference section */

/* Begin PBXFrameworksBuildPhase section */
		75CF7886285BB8800011F933 /* Frameworks */ = {
			isa = PBXFrameworksBuildPhase;
			buildActionMask = 2147483647;
			files = (
				75D4058528E0680A00EDA918 /* FirebaseFirestoreSwift in Frameworks */,
				75D4058928E0680A00EDA918 /* FirebaseStorageCombine-Community in Frameworks */,
				75D4058328E0680A00EDA918 /* FirebaseDatabaseSwift in Frameworks */,
				75D4058128E0680900EDA918 /* FirebaseDatabase in Frameworks */,
				7584D3DF28AF8DD40095F129 /* Veil in Frameworks */,
				D22852B770444BA135B2CF2B /* Pods_HealthyPet.framework in Frameworks */,
				75D4058728E0680A00EDA918 /* FirebaseStorage in Frameworks */,
			);
			runOnlyForDeploymentPostprocessing = 0;
		};
		75CF789C285BB8810011F933 /* Frameworks */ = {
			isa = PBXFrameworksBuildPhase;
			buildActionMask = 2147483647;
			files = (
				85E76A5D7C403D8684027031 /* Pods_HealthyPetTests.framework in Frameworks */,
			);
			runOnlyForDeploymentPostprocessing = 0;
		};
		75CF78A6285BB8810011F933 /* Frameworks */ = {
			isa = PBXFrameworksBuildPhase;
			buildActionMask = 2147483647;
			files = (
				FDB03406474457BCF4140FD7 /* Pods_HealthyPet_HealthyPetUITests.framework in Frameworks */,
			);
			runOnlyForDeploymentPostprocessing = 0;
		};
/* End PBXFrameworksBuildPhase section */

/* Begin PBXGroup section */
		5174831CCE17DC73E8D6F05A /* Frameworks */ = {
			isa = PBXGroup;
			children = (
				2B85FEE692495B2FCE600552 /* Pods_HealthyPet.framework */,
				A8CEAA463E950A3022CA93A6 /* Pods_HealthyPet_HealthyPetUITests.framework */,
				905886FF269EC2A57630C6A2 /* Pods_HealthyPetTests.framework */,
			);
			name = Frameworks;
			sourceTree = "<group>";
		};
		753EB7FA2865C19300C0F529 /* Animations */ = {
			isa = PBXGroup;
			children = (
				753EB7FD2865C1E000C0F529 /* loadInfo.json */,
			);
			path = Animations;
			sourceTree = "<group>";
		};
		75A2EA9E28E0AA7700901A96 /* ImageService */ = {
			isa = PBXGroup;
			children = (
				75A2EA9F28E0AA8400901A96 /* ImageService.swift */,
				75A2EAA128E0AAB200901A96 /* UIImageLoader.swift */,
			);
			path = ImageService;
			sourceTree = "<group>";
		};
		75BFA4BF28A43A15002122E8 /* HealthyTextField */ = {
			isa = PBXGroup;
			children = (
				75BFA4C028A43A36002122E8 /* HealthyTextField.xib */,
				75BFA4C228A43AC8002122E8 /* HealthyTextField.swift */,
				75BFA4C428A43B7C002122E8 /* TextFieldType.swift */,
			);
			path = HealthyTextField;
			sourceTree = "<group>";
		};
		75CF7880285BB87F0011F933 = {
			isa = PBXGroup;
			children = (
				75CF788B285BB8800011F933 /* HealthyPet */,
				75CF78A2285BB8810011F933 /* HealthyPetTests */,
				75CF78AC285BB8810011F933 /* HealthyPetUITests */,
				75CF788A285BB8800011F933 /* Products */,
				A8FE651BB10D717CE74567EE /* Pods */,
				5174831CCE17DC73E8D6F05A /* Frameworks */,
			);
			sourceTree = "<group>";
		};
		75CF788A285BB8800011F933 /* Products */ = {
			isa = PBXGroup;
			children = (
				75CF7889285BB8800011F933 /* HealthyPet.app */,
				75CF789F285BB8810011F933 /* HealthyPetTests.xctest */,
				75CF78A9285BB8810011F933 /* HealthyPetUITests.xctest */,
			);
			name = Products;
			sourceTree = "<group>";
		};
		75CF788B285BB8800011F933 /* HealthyPet */ = {
			isa = PBXGroup;
			children = (
				75E8EF622875B35400FBB28D /* UIComponents */,
				75CF78E0286464430011F933 /* Models */,
				75CF78D92863704B0011F933 /* Extensions */,
				75CF78D328636DA40011F933 /* Systems */,
				75CF78C6286367870011F933 /* Networking */,
				75CF78C128635FDD0011F933 /* Features */,
				75CF78BE28635F710011F933 /* Resources */,
				75CF78BC28635F320011F933 /* Application */,
			);
			path = HealthyPet;
			sourceTree = "<group>";
		};
		75CF78A2285BB8810011F933 /* HealthyPetTests */ = {
			isa = PBXGroup;
			children = (
				75CF78A3285BB8810011F933 /* HealthyPetTests.swift */,
			);
			path = HealthyPetTests;
			sourceTree = "<group>";
		};
		75CF78AC285BB8810011F933 /* HealthyPetUITests */ = {
			isa = PBXGroup;
			children = (
				75CF78AD285BB8810011F933 /* HealthyPetUITests.swift */,
				75CF78AF285BB8810011F933 /* HealthyPetUITestsLaunchTests.swift */,
			);
			path = HealthyPetUITests;
			sourceTree = "<group>";
		};
		75CF78BC28635F320011F933 /* Application */ = {
			isa = PBXGroup;
			children = (
				75CF78FA286485750011F933 /* Theme */,
				75CF78EE2864795E0011F933 /* Coordination */,
				75CF78C028635FA50011F933 /* Supporting files */,
				75CF78BD28635F4D0011F933 /* AppDelegate */,
			);
			path = Application;
			sourceTree = "<group>";
		};
		75CF78BD28635F4D0011F933 /* AppDelegate */ = {
			isa = PBXGroup;
			children = (
				75CF788C285BB8800011F933 /* AppDelegate.swift */,
				75CF788E285BB8800011F933 /* SceneDelegate.swift */,
			);
			path = AppDelegate;
			sourceTree = "<group>";
		};
		75CF78BE28635F710011F933 /* Resources */ = {
			isa = PBXGroup;
			children = (
				75E8EF662875B3D700FBB28D /* Fonts */,
				753EB7FA2865C19300C0F529 /* Animations */,
				75CF78BF28635F7E0011F933 /* Images */,
			);
			path = Resources;
			sourceTree = "<group>";
		};
		75CF78BF28635F7E0011F933 /* Images */ = {
			isa = PBXGroup;
			children = (
				75CF7895285BB8810011F933 /* Assets.xcassets */,
			);
			path = Images;
			sourceTree = "<group>";
		};
		75CF78C028635FA50011F933 /* Supporting files */ = {
			isa = PBXGroup;
			children = (
				75E099FE28CE2A7D009DAAE4 /* Firebase */,
				75CF789A285BB8810011F933 /* Info.plist */,
			);
			path = "Supporting files";
			sourceTree = "<group>";
		};
		75CF78C128635FDD0011F933 /* Features */ = {
			isa = PBXGroup;
			children = (
				75E099FA28CE26D4009DAAE4 /* SelectOption */,
				75CF78F52864841E0011F933 /* TabBar */,
				75CF78C52863600B0011F933 /* BreedsList */,
				75CF78C4286360000011F933 /* AddNewPet */,
				75CF78C328635FFA0011F933 /* Home */,
				75CF78C228635FE50011F933 /* LaunchScreen */,
			);
			path = Features;
			sourceTree = "<group>";
		};
		75CF78C228635FE50011F933 /* LaunchScreen */ = {
			isa = PBXGroup;
			children = (
				75CF7897285BB8810011F933 /* LaunchScreen.storyboard */,
			);
			path = LaunchScreen;
			sourceTree = "<group>";
		};
		75CF78C328635FFA0011F933 /* Home */ = {
			isa = PBXGroup;
			children = (
				75D4059928E09D0E00EDA918 /* HomeEmptyState */,
				75CF7890285BB8800011F933 /* HomeViewController.swift */,
				75A2EAA328E0B07B00901A96 /* FilterType.swift */,
				75D4059528E095A900EDA918 /* HomeViewModel.swift */,
				75CF790128648CB00011F933 /* HomeCoordinator.swift */,
				75CF7892285BB8800011F933 /* Main.storyboard */,
			);
			path = Home;
			sourceTree = "<group>";
		};
		75CF78C4286360000011F933 /* AddNewPet */ = {
			isa = PBXGroup;
			children = (
				75BFA4B928A190FA002122E8 /* AddNewPet.storyboard */,
				75BFA4BB28A195CB002122E8 /* AddNewPetViewController.swift */,
				75DFCCDE28D10BC50079B157 /* AddNewPetViewModel.swift */,
				75D4FBCF28D3B57300C6BF5E /* AnimalType.swift */,
				75BFA4BD28A19A3B002122E8 /* AddNewPetCoordinator.swift */,
			);
			path = AddNewPet;
			sourceTree = "<group>";
		};
		75CF78C52863600B0011F933 /* BreedsList */ = {
			isa = PBXGroup;
			children = (
			);
			path = BreedsList;
			sourceTree = "<group>";
		};
		75CF78C6286367870011F933 /* Networking */ = {
			isa = PBXGroup;
			children = (
				75CF78E3286466150011F933 /* Requests */,
				75CF78D028636C160011F933 /* API */,
				75CF78C7286367900011F933 /* Core */,
				75DFCCDC28D0F8BC0079B157 /* FirebaseHelper.swift */,
				75D4FBD128D3B73900C6BF5E /* BreedsService.swift */,
				75A2EA9E28E0AA7700901A96 /* ImageService */,
				75D4059728E0968200EDA918 /* HomeDataUpdater.swift */,
			);
			path = Networking;
			sourceTree = "<group>";
		};
		75CF78C7286367900011F933 /* Core */ = {
			isa = PBXGroup;
			children = (
				75CF78C8286368090011F933 /* Request.swift */,
				75CF78E6286466EC0011F933 /* Headers.swift */,
				75CF78CA28636A440011F933 /* Networking.swift */,
				75CF78CE28636BF00011F933 /* NetworkingFactory.swift */,
				75CF78CC28636A840011F933 /* APIResult.swift */,
				75CF78E8286471960011F933 /* APIError.swift */,
			);
			path = Core;
			sourceTree = "<group>";
		};
		75CF78D028636C160011F933 /* API */ = {
			isa = PBXGroup;
			children = (
				75CF78D128636C200011F933 /* API.swift */,
				75CF78DE286463FD0011F933 /* API+Breeds.swift */,
			);
			path = API;
			sourceTree = "<group>";
		};
		75CF78D328636DA40011F933 /* Systems */ = {
			isa = PBXGroup;
			children = (
				75CF790328648D480011F933 /* Storyboard */,
				75CF78D428636DAD0011F933 /* DataStorage */,
			);
			path = Systems;
			sourceTree = "<group>";
		};
		75CF78D428636DAD0011F933 /* DataStorage */ = {
			isa = PBXGroup;
			children = (
				75CF78D528636DC50011F933 /* DataCache.swift */,
				75CF78EA286473D50011F933 /* Cache.swift */,
				75CF78D728636FEA0011F933 /* DataSource.swift */,
			);
			path = DataStorage;
			sourceTree = "<group>";
		};
		75CF78D92863704B0011F933 /* Extensions */ = {
			isa = PBXGroup;
			children = (
				75CF78DA2863705F0011F933 /* TimeInterval+Extensions.swift */,
				75CF78EC286474300011F933 /* DataType+Decoder.swift */,
				75CF78DC2863717B0011F933 /* URL+Extensions.swift */,
				75CF78FD28648A740011F933 /* UIImage+Extensions.swift */,
				75E8EF732875D41000FBB28D /* UIView+Extensions.swift */,
				75D4058A28E06D9800EDA918 /* UIButton+Extensions.swift */,
				7584D3E028AF92EB0095F129 /* UIViewController+Extensions.swift */,
				75E099F028CE0EF3009DAAE4 /* DateFormatter+Extensions.swift */,
			);
			path = Extensions;
			sourceTree = "<group>";
		};
		75CF78E0286464430011F933 /* Models */ = {
			isa = PBXGroup;
			children = (
				75CF78E1286464510011F933 /* DogBreed.swift */,
				75D4058E28E071B500EDA918 /* CatBreed.swift */,
				75E099FB28CE2712009DAAE4 /* Animal.swift */,
			);
			path = Models;
			sourceTree = "<group>";
		};
		75CF78E3286466150011F933 /* Requests */ = {
			isa = PBXGroup;
			children = (
				75CF78E42864662B0011F933 /* GetDogBreedsRequest.swift */,
				75D4058C28E06F9A00EDA918 /* GetCatBreedsRequest.swift */,
			);
			path = Requests;
			sourceTree = "<group>";
		};
		75CF78EE2864795E0011F933 /* Coordination */ = {
			isa = PBXGroup;
			children = (
				75CF78EF2864796C0011F933 /* Coordinator.swift */,
				75CF78F1286479930011F933 /* CoordinatorDelegate.swift */,
				75CF790828648DF60011F933 /* ApplicationCoordinator.swift */,
				75CF78F3286479A20011F933 /* TabBarItem.swift */,
			);
			path = Coordination;
			sourceTree = "<group>";
		};
		75CF78F52864841E0011F933 /* TabBar */ = {
			isa = PBXGroup;
			children = (
				75CF78FF28648B2F0011F933 /* TabBarViewController.swift */,
				75CF790A28648E3A0011F933 /* TabBarCoordinator.swift */,
			);
			path = TabBar;
			sourceTree = "<group>";
		};
		75CF78FA286485750011F933 /* Theme */ = {
			isa = PBXGroup;
			children = (
				75CF78FB286485950011F933 /* Theme+Colors.swift */,
				75E8EF6E2875C07700FBB28D /* Theme+Fonts.swift */,
				753EB7F82865BE1100C0F529 /* Theme+Constants.swift */,
				75E8EF8B2878650C00FBB28D /* Theme+Dimensions.swift */,
			);
			path = Theme;
			sourceTree = "<group>";
		};
		75CF790328648D480011F933 /* Storyboard */ = {
			isa = PBXGroup;
			children = (
				75CF790428648D5C0011F933 /* StoryboardController.swift */,
				75CF790628648D800011F933 /* Storyboard.swift */,
			);
			path = Storyboard;
			sourceTree = "<group>";
		};
		75D4059028E0771B00EDA918 /* AnimalTableViewCell */ = {
			isa = PBXGroup;
			children = (
				75D4059128E0773200EDA918 /* AnimalTableViewCell.xib */,
				75D4059328E079DB00EDA918 /* AnimalTableViewCell.swift */,
			);
			path = AnimalTableViewCell;
			sourceTree = "<group>";
		};
		75D4059928E09D0E00EDA918 /* HomeEmptyState */ = {
			isa = PBXGroup;
			children = (
				75D4059A28E09D3100EDA918 /* HomeEmptyViewController.swift */,
			);
			path = HomeEmptyState;
			sourceTree = "<group>";
		};
		75D4FBD928D3C0D400C6BF5E /* Cells */ = {
			isa = PBXGroup;
			children = (
				75D4059028E0771B00EDA918 /* AnimalTableViewCell */,
				75D4FBDC28D3C0F000C6BF5E /* SelectBreed */,
			);
			path = Cells;
			sourceTree = "<group>";
		};
		75D4FBDC28D3C0F000C6BF5E /* SelectBreed */ = {
			isa = PBXGroup;
			children = (
				75D4FBDA28D3C0EB00C6BF5E /* SelectBreedTableViewCell.xib */,
				75D4FBDD28D3C18600C6BF5E /* SelectBreedTableViewCell.swift */,
			);
			path = SelectBreed;
			sourceTree = "<group>";
		};
		75E099F328CE1462009DAAE4 /* HealthyDropdown */ = {
			isa = PBXGroup;
			children = (
				75E099F428CE147B009DAAE4 /* HealthyDropdown.xib */,
				75E099F628CE14F4009DAAE4 /* HealthyDropdown.swift */,
			);
			path = HealthyDropdown;
			sourceTree = "<group>";
		};
		75E099FA28CE26D4009DAAE4 /* SelectOption */ = {
			isa = PBXGroup;
			children = (
				75E099F828CE25C0009DAAE4 /* SelectOptionViewController.swift */,
				75D4FBD528D3BF8700C6BF5E /* SelectOptionViewModel.swift */,
				75D4FBD728D3BFAB00C6BF5E /* SelectOptionCoordinator.swift */,
			);
			path = SelectOption;
			sourceTree = "<group>";
		};
		75E099FE28CE2A7D009DAAE4 /* Firebase */ = {
			isa = PBXGroup;
			children = (
				75E099FF28CE2AAB009DAAE4 /* GoogleService-Info.plist */,
			);
			path = Firebase;
			sourceTree = "<group>";
		};
		75E8EF622875B35400FBB28D /* UIComponents */ = {
			isa = PBXGroup;
			children = (
				75D4FBD928D3C0D400C6BF5E /* Cells */,
				75E8EF632875B35F00FBB28D /* Views */,
				75D4FBDF28D3C33C00C6BF5E /* Reusable.swift */,
			);
			path = UIComponents;
			sourceTree = "<group>";
		};
		75E8EF632875B35F00FBB28D /* Views */ = {
			isa = PBXGroup;
			children = (
				75E099F328CE1462009DAAE4 /* HealthyDropdown */,
				75BFA4BF28A43A15002122E8 /* HealthyTextField */,
				75E8EF702875D21B00FBB28D /* SearchView */,
				75E8EF7E2876CAE800FBB28D /* FilterView */,
			);
			path = Views;
			sourceTree = "<group>";
		};
		75E8EF662875B3D700FBB28D /* Fonts */ = {
			isa = PBXGroup;
			children = (
				75E8EF6B2875BAC400FBB28D /* OpenSans-Light.otf */,
				75E8EF692875BA8600FBB28D /* OpenSans-Bold.otf */,
				75E8EF6A2875BA8600FBB28D /* OpenSans-Regular.otf */,
			);
			path = Fonts;
			sourceTree = "<group>";
		};
		75E8EF702875D21B00FBB28D /* SearchView */ = {
			isa = PBXGroup;
			children = (
				75E8EF642875B37D00FBB28D /* SearchView.xib */,
				75E8EF712875D23400FBB28D /* SearchView.swift */,
			);
			path = SearchView;
			sourceTree = "<group>";
		};
		75E8EF7E2876CAE800FBB28D /* FilterView */ = {
			isa = PBXGroup;
			children = (
				75E8EF892876D4F400FBB28D /* FilterButton.swift */,
				75E8EF852876D3B000FBB28D /* FilterView.xib */,
				75E8EF872876D46800FBB28D /* FilterView.swift */,
			);
			path = FilterView;
			sourceTree = "<group>";
		};
		A8FE651BB10D717CE74567EE /* Pods */ = {
			isa = PBXGroup;
			children = (
				302B24886AA338FA514E8AF0 /* Pods-HealthyPet.debug.xcconfig */,
				65714C1432747EE62431B0F0 /* Pods-HealthyPet.release.xcconfig */,
				7ED8903CB75201291BAD0690 /* Pods-HealthyPet-HealthyPetUITests.debug.xcconfig */,
				E48020F310C2F9A8972A2074 /* Pods-HealthyPet-HealthyPetUITests.release.xcconfig */,
				DE86D6DDB88C935220B3DBAB /* Pods-HealthyPetTests.debug.xcconfig */,
				461E8673757921F4763EDC99 /* Pods-HealthyPetTests.release.xcconfig */,
			);
			path = Pods;
			sourceTree = "<group>";
		};
/* End PBXGroup section */

/* Begin PBXNativeTarget section */
		75CF7888285BB8800011F933 /* HealthyPet */ = {
			isa = PBXNativeTarget;
			buildConfigurationList = 75CF78B3285BB8810011F933 /* Build configuration list for PBXNativeTarget "HealthyPet" */;
			buildPhases = (
				01D64FD66751C5A1D1B87287 /* [CP] Check Pods Manifest.lock */,
				75CF7885285BB8800011F933 /* Sources */,
				75CF7886285BB8800011F933 /* Frameworks */,
				75CF7887285BB8800011F933 /* Resources */,
				9DDEA4ED1C8F6FFE6C0BBDB0 /* [CP] Embed Pods Frameworks */,
			);
			buildRules = (
			);
			dependencies = (
			);
			name = HealthyPet;
			packageProductDependencies = (
				7584D3DE28AF8DD40095F129 /* Veil */,
				75D4058028E0680900EDA918 /* FirebaseDatabase */,
				75D4058228E0680A00EDA918 /* FirebaseDatabaseSwift */,
				75D4058428E0680A00EDA918 /* FirebaseFirestoreSwift */,
				75D4058628E0680A00EDA918 /* FirebaseStorage */,
				75D4058828E0680A00EDA918 /* FirebaseStorageCombine-Community */,
			);
			productName = HealthyPet;
			productReference = 75CF7889285BB8800011F933 /* HealthyPet.app */;
			productType = "com.apple.product-type.application";
		};
		75CF789E285BB8810011F933 /* HealthyPetTests */ = {
			isa = PBXNativeTarget;
			buildConfigurationList = 75CF78B6285BB8810011F933 /* Build configuration list for PBXNativeTarget "HealthyPetTests" */;
			buildPhases = (
				07BD72EFDC3BB77FFE83813B /* [CP] Check Pods Manifest.lock */,
				75CF789B285BB8810011F933 /* Sources */,
				75CF789C285BB8810011F933 /* Frameworks */,
				75CF789D285BB8810011F933 /* Resources */,
			);
			buildRules = (
			);
			dependencies = (
				75CF78A1285BB8810011F933 /* PBXTargetDependency */,
			);
			name = HealthyPetTests;
			productName = HealthyPetTests;
			productReference = 75CF789F285BB8810011F933 /* HealthyPetTests.xctest */;
			productType = "com.apple.product-type.bundle.unit-test";
		};
		75CF78A8285BB8810011F933 /* HealthyPetUITests */ = {
			isa = PBXNativeTarget;
			buildConfigurationList = 75CF78B9285BB8810011F933 /* Build configuration list for PBXNativeTarget "HealthyPetUITests" */;
			buildPhases = (
				2C7F5BBDE8E93ADDF38E289B /* [CP] Check Pods Manifest.lock */,
				75CF78A5285BB8810011F933 /* Sources */,
				75CF78A6285BB8810011F933 /* Frameworks */,
				75CF78A7285BB8810011F933 /* Resources */,
				0A20209A345E53C5737B9385 /* [CP] Embed Pods Frameworks */,
			);
			buildRules = (
			);
			dependencies = (
				75CF78AB285BB8810011F933 /* PBXTargetDependency */,
			);
			name = HealthyPetUITests;
			productName = HealthyPetUITests;
			productReference = 75CF78A9285BB8810011F933 /* HealthyPetUITests.xctest */;
			productType = "com.apple.product-type.bundle.ui-testing";
		};
/* End PBXNativeTarget section */

/* Begin PBXProject section */
		75CF7881285BB87F0011F933 /* Project object */ = {
			isa = PBXProject;
			attributes = {
				BuildIndependentTargetsInParallel = 1;
				LastSwiftUpdateCheck = 1330;
				LastUpgradeCheck = 1330;
				TargetAttributes = {
					75CF7888285BB8800011F933 = {
						CreatedOnToolsVersion = 13.3.1;
					};
					75CF789E285BB8810011F933 = {
						CreatedOnToolsVersion = 13.3.1;
						TestTargetID = 75CF7888285BB8800011F933;
					};
					75CF78A8285BB8810011F933 = {
						CreatedOnToolsVersion = 13.3.1;
						TestTargetID = 75CF7888285BB8800011F933;
					};
				};
			};
			buildConfigurationList = 75CF7884285BB87F0011F933 /* Build configuration list for PBXProject "HealthyPet" */;
			compatibilityVersion = "Xcode 13.0";
			developmentRegion = en;
			hasScannedForEncodings = 0;
			knownRegions = (
				en,
				Base,
			);
			mainGroup = 75CF7880285BB87F0011F933;
			packageReferences = (
				7584D3DD28AF8DD40095F129 /* XCRemoteSwiftPackageReference "Veil" */,
				75D4057F28E0680900EDA918 /* XCRemoteSwiftPackageReference "firebase-ios-sdk" */,
			);
			productRefGroup = 75CF788A285BB8800011F933 /* Products */;
			projectDirPath = "";
			projectRoot = "";
			targets = (
				75CF7888285BB8800011F933 /* HealthyPet */,
				75CF789E285BB8810011F933 /* HealthyPetTests */,
				75CF78A8285BB8810011F933 /* HealthyPetUITests */,
			);
		};
/* End PBXProject section */

/* Begin PBXResourcesBuildPhase section */
		75CF7887285BB8800011F933 /* Resources */ = {
			isa = PBXResourcesBuildPhase;
			buildActionMask = 2147483647;
			files = (
				75D4FBDB28D3C0EB00C6BF5E /* SelectBreedTableViewCell.xib in Resources */,
				75E09A0028CE2AAB009DAAE4 /* GoogleService-Info.plist in Resources */,
				75E099F528CE147B009DAAE4 /* HealthyDropdown.xib in Resources */,
				75CF7899285BB8810011F933 /* LaunchScreen.storyboard in Resources */,
				75E8EF7B2875DCC300FBB28D /* OpenSans-Regular.otf in Resources */,
				75E8EF652875B37D00FBB28D /* SearchView.xib in Resources */,
				753EB7FE2865C1E000C0F529 /* loadInfo.json in Resources */,
				75BFA4C128A43A36002122E8 /* HealthyTextField.xib in Resources */,
				75CF7896285BB8810011F933 /* Assets.xcassets in Resources */,
				75BFA4BA28A190FA002122E8 /* AddNewPet.storyboard in Resources */,
				75E8EF862876D3B000FBB28D /* FilterView.xib in Resources */,
				75CF7894285BB8800011F933 /* Main.storyboard in Resources */,
				75E8EF772875DCBD00FBB28D /* OpenSans-Light.otf in Resources */,
				75E8EF782875DCC000FBB28D /* OpenSans-Bold.otf in Resources */,
				75D4059228E0773200EDA918 /* AnimalTableViewCell.xib in Resources */,
			);
			runOnlyForDeploymentPostprocessing = 0;
		};
		75CF789D285BB8810011F933 /* Resources */ = {
			isa = PBXResourcesBuildPhase;
			buildActionMask = 2147483647;
			files = (
				75E8EF7C2875DCC400FBB28D /* OpenSans-Regular.otf in Resources */,
				75E8EF762875DCBC00FBB28D /* OpenSans-Light.otf in Resources */,
				75E8EF792875DCC000FBB28D /* OpenSans-Bold.otf in Resources */,
			);
			runOnlyForDeploymentPostprocessing = 0;
		};
		75CF78A7285BB8810011F933 /* Resources */ = {
			isa = PBXResourcesBuildPhase;
			buildActionMask = 2147483647;
			files = (
				75E8EF7D2875DCC500FBB28D /* OpenSans-Regular.otf in Resources */,
				75E8EF752875DCBB00FBB28D /* OpenSans-Light.otf in Resources */,
				75E8EF7A2875DCC100FBB28D /* OpenSans-Bold.otf in Resources */,
			);
			runOnlyForDeploymentPostprocessing = 0;
		};
/* End PBXResourcesBuildPhase section */

/* Begin PBXShellScriptBuildPhase section */
		01D64FD66751C5A1D1B87287 /* [CP] Check Pods Manifest.lock */ = {
			isa = PBXShellScriptBuildPhase;
			buildActionMask = 2147483647;
			files = (
			);
			inputFileListPaths = (
			);
			inputPaths = (
				"${PODS_PODFILE_DIR_PATH}/Podfile.lock",
				"${PODS_ROOT}/Manifest.lock",
			);
			name = "[CP] Check Pods Manifest.lock";
			outputFileListPaths = (
			);
			outputPaths = (
				"$(DERIVED_FILE_DIR)/Pods-HealthyPet-checkManifestLockResult.txt",
			);
			runOnlyForDeploymentPostprocessing = 0;
			shellPath = /bin/sh;
			shellScript = "diff \"${PODS_PODFILE_DIR_PATH}/Podfile.lock\" \"${PODS_ROOT}/Manifest.lock\" > /dev/null\nif [ $? != 0 ] ; then\n    # print error to STDERR\n    echo \"error: The sandbox is not in sync with the Podfile.lock. Run 'pod install' or update your CocoaPods installation.\" >&2\n    exit 1\nfi\n# This output is used by Xcode 'outputs' to avoid re-running this script phase.\necho \"SUCCESS\" > \"${SCRIPT_OUTPUT_FILE_0}\"\n";
			showEnvVarsInLog = 0;
		};
		07BD72EFDC3BB77FFE83813B /* [CP] Check Pods Manifest.lock */ = {
			isa = PBXShellScriptBuildPhase;
			buildActionMask = 2147483647;
			files = (
			);
			inputFileListPaths = (
			);
			inputPaths = (
				"${PODS_PODFILE_DIR_PATH}/Podfile.lock",
				"${PODS_ROOT}/Manifest.lock",
			);
			name = "[CP] Check Pods Manifest.lock";
			outputFileListPaths = (
			);
			outputPaths = (
				"$(DERIVED_FILE_DIR)/Pods-HealthyPetTests-checkManifestLockResult.txt",
			);
			runOnlyForDeploymentPostprocessing = 0;
			shellPath = /bin/sh;
			shellScript = "diff \"${PODS_PODFILE_DIR_PATH}/Podfile.lock\" \"${PODS_ROOT}/Manifest.lock\" > /dev/null\nif [ $? != 0 ] ; then\n    # print error to STDERR\n    echo \"error: The sandbox is not in sync with the Podfile.lock. Run 'pod install' or update your CocoaPods installation.\" >&2\n    exit 1\nfi\n# This output is used by Xcode 'outputs' to avoid re-running this script phase.\necho \"SUCCESS\" > \"${SCRIPT_OUTPUT_FILE_0}\"\n";
			showEnvVarsInLog = 0;
		};
		0A20209A345E53C5737B9385 /* [CP] Embed Pods Frameworks */ = {
			isa = PBXShellScriptBuildPhase;
			buildActionMask = 2147483647;
			files = (
			);
			inputFileListPaths = (
				"${PODS_ROOT}/Target Support Files/Pods-HealthyPet-HealthyPetUITests/Pods-HealthyPet-HealthyPetUITests-frameworks-${CONFIGURATION}-input-files.xcfilelist",
			);
			name = "[CP] Embed Pods Frameworks";
			outputFileListPaths = (
				"${PODS_ROOT}/Target Support Files/Pods-HealthyPet-HealthyPetUITests/Pods-HealthyPet-HealthyPetUITests-frameworks-${CONFIGURATION}-output-files.xcfilelist",
			);
			runOnlyForDeploymentPostprocessing = 0;
			shellPath = /bin/sh;
			shellScript = "\"${PODS_ROOT}/Target Support Files/Pods-HealthyPet-HealthyPetUITests/Pods-HealthyPet-HealthyPetUITests-frameworks.sh\"\n";
			showEnvVarsInLog = 0;
		};
		2C7F5BBDE8E93ADDF38E289B /* [CP] Check Pods Manifest.lock */ = {
			isa = PBXShellScriptBuildPhase;
			buildActionMask = 2147483647;
			files = (
			);
			inputFileListPaths = (
			);
			inputPaths = (
				"${PODS_PODFILE_DIR_PATH}/Podfile.lock",
				"${PODS_ROOT}/Manifest.lock",
			);
			name = "[CP] Check Pods Manifest.lock";
			outputFileListPaths = (
			);
			outputPaths = (
				"$(DERIVED_FILE_DIR)/Pods-HealthyPet-HealthyPetUITests-checkManifestLockResult.txt",
			);
			runOnlyForDeploymentPostprocessing = 0;
			shellPath = /bin/sh;
			shellScript = "diff \"${PODS_PODFILE_DIR_PATH}/Podfile.lock\" \"${PODS_ROOT}/Manifest.lock\" > /dev/null\nif [ $? != 0 ] ; then\n    # print error to STDERR\n    echo \"error: The sandbox is not in sync with the Podfile.lock. Run 'pod install' or update your CocoaPods installation.\" >&2\n    exit 1\nfi\n# This output is used by Xcode 'outputs' to avoid re-running this script phase.\necho \"SUCCESS\" > \"${SCRIPT_OUTPUT_FILE_0}\"\n";
			showEnvVarsInLog = 0;
		};
		9DDEA4ED1C8F6FFE6C0BBDB0 /* [CP] Embed Pods Frameworks */ = {
			isa = PBXShellScriptBuildPhase;
			buildActionMask = 2147483647;
			files = (
			);
			inputFileListPaths = (
				"${PODS_ROOT}/Target Support Files/Pods-HealthyPet/Pods-HealthyPet-frameworks-${CONFIGURATION}-input-files.xcfilelist",
			);
			name = "[CP] Embed Pods Frameworks";
			outputFileListPaths = (
				"${PODS_ROOT}/Target Support Files/Pods-HealthyPet/Pods-HealthyPet-frameworks-${CONFIGURATION}-output-files.xcfilelist",
			);
			runOnlyForDeploymentPostprocessing = 0;
			shellPath = /bin/sh;
			shellScript = "\"${PODS_ROOT}/Target Support Files/Pods-HealthyPet/Pods-HealthyPet-frameworks.sh\"\n";
			showEnvVarsInLog = 0;
		};
/* End PBXShellScriptBuildPhase section */

/* Begin PBXSourcesBuildPhase section */
		75CF7885285BB8800011F933 /* Sources */ = {
			isa = PBXSourcesBuildPhase;
			buildActionMask = 2147483647;
			files = (
				75CF7891285BB8800011F933 /* HomeViewController.swift in Sources */,
				75CF78DF286463FD0011F933 /* API+Breeds.swift in Sources */,
				75CF78FE28648A740011F933 /* UIImage+Extensions.swift in Sources */,
				75CF78F2286479930011F933 /* CoordinatorDelegate.swift in Sources */,
				75E8EF8C2878650C00FBB28D /* Theme+Dimensions.swift in Sources */,
				75E8EF882876D46800FBB28D /* FilterView.swift in Sources */,
				75CF78DD2863717B0011F933 /* URL+Extensions.swift in Sources */,
				75CF790928648DF60011F933 /* ApplicationCoordinator.swift in Sources */,
				75E8EF722875D23400FBB28D /* SearchView.swift in Sources */,
				75E8EF742875D41000FBB28D /* UIView+Extensions.swift in Sources */,
				75D4058D28E06F9A00EDA918 /* GetCatBreedsRequest.swift in Sources */,
				7584D3E128AF92EB0095F129 /* UIViewController+Extensions.swift in Sources */,
				75A2EAA228E0AAB200901A96 /* UIImageLoader.swift in Sources */,
				75D4059828E0968200EDA918 /* HomeDataUpdater.swift in Sources */,
				75DFCCDF28D10BC50079B157 /* AddNewPetViewModel.swift in Sources */,
				75D4FBE028D3C33C00C6BF5E /* Reusable.swift in Sources */,
				75CF78F4286479A20011F933 /* TabBarItem.swift in Sources */,
				75CF790528648D5C0011F933 /* StoryboardController.swift in Sources */,
				75DFCCDD28D0F8BC0079B157 /* FirebaseHelper.swift in Sources */,
				75D4059428E079DB00EDA918 /* AnimalTableViewCell.swift in Sources */,
				75E8EF8A2876D4F400FBB28D /* FilterButton.swift in Sources */,
				75D4FBD828D3BFAB00C6BF5E /* SelectOptionCoordinator.swift in Sources */,
				75E8EF6F2875C07700FBB28D /* Theme+Fonts.swift in Sources */,
				753EB7F92865BE1100C0F529 /* Theme+Constants.swift in Sources */,
				75CF78E9286471960011F933 /* APIError.swift in Sources */,
				75E099FC28CE2712009DAAE4 /* Animal.swift in Sources */,
				75CF78CB28636A440011F933 /* Networking.swift in Sources */,
				75CF790B28648E3A0011F933 /* TabBarCoordinator.swift in Sources */,
				75CF78E7286466ED0011F933 /* Headers.swift in Sources */,
				75E099F728CE14F4009DAAE4 /* HealthyDropdown.swift in Sources */,
				75D4FBD628D3BF8700C6BF5E /* SelectOptionViewModel.swift in Sources */,
				75CF790028648B2F0011F933 /* TabBarViewController.swift in Sources */,
				75CF78D628636DC50011F933 /* DataCache.swift in Sources */,
				75CF78C9286368090011F933 /* Request.swift in Sources */,
				75CF78CD28636A840011F933 /* APIResult.swift in Sources */,
				75E099F928CE25C0009DAAE4 /* SelectOptionViewController.swift in Sources */,
				75CF788D285BB8800011F933 /* AppDelegate.swift in Sources */,
				75CF78EB286473D50011F933 /* Cache.swift in Sources */,
				75CF78CF28636BF00011F933 /* NetworkingFactory.swift in Sources */,
				75CF78F02864796C0011F933 /* Coordinator.swift in Sources */,
				75CF78DB2863705F0011F933 /* TimeInterval+Extensions.swift in Sources */,
				75D4FBD228D3B73900C6BF5E /* BreedsService.swift in Sources */,
				75D4FBD028D3B57300C6BF5E /* AnimalType.swift in Sources */,
				75CF78D228636C200011F933 /* API.swift in Sources */,
				75CF790228648CB00011F933 /* HomeCoordinator.swift in Sources */,
				75D4059628E095A900EDA918 /* HomeViewModel.swift in Sources */,
				75E099F128CE0EF3009DAAE4 /* DateFormatter+Extensions.swift in Sources */,
				75CF78E52864662B0011F933 /* GetDogBreedsRequest.swift in Sources */,
				75BFA4BC28A195CB002122E8 /* AddNewPetViewController.swift in Sources */,
				75D4059B28E09D3100EDA918 /* HomeEmptyViewController.swift in Sources */,
				75A2EAA028E0AA8400901A96 /* ImageService.swift in Sources */,
				75A2EAA428E0B07B00901A96 /* FilterType.swift in Sources */,
				75BFA4BE28A19A3B002122E8 /* AddNewPetCoordinator.swift in Sources */,
				75D4FBDE28D3C18600C6BF5E /* SelectBreedTableViewCell.swift in Sources */,
				75BFA4C528A43B7C002122E8 /* TextFieldType.swift in Sources */,
				75D4058F28E071B500EDA918 /* CatBreed.swift in Sources */,
				75BFA4C328A43AC8002122E8 /* HealthyTextField.swift in Sources */,
				75CF78D828636FEA0011F933 /* DataSource.swift in Sources */,
				75CF78FC286485950011F933 /* Theme+Colors.swift in Sources */,
				75CF788F285BB8800011F933 /* SceneDelegate.swift in Sources */,
				75CF790728648D800011F933 /* Storyboard.swift in Sources */,
				75CF78E2286464520011F933 /* DogBreed.swift in Sources */,
				75D4058B28E06D9800EDA918 /* UIButton+Extensions.swift in Sources */,
				75CF78ED286474300011F933 /* DataType+Decoder.swift in Sources */,
			);
			runOnlyForDeploymentPostprocessing = 0;
		};
		75CF789B285BB8810011F933 /* Sources */ = {
			isa = PBXSourcesBuildPhase;
			buildActionMask = 2147483647;
			files = (
				75CF78A4285BB8810011F933 /* HealthyPetTests.swift in Sources */,
			);
			runOnlyForDeploymentPostprocessing = 0;
		};
		75CF78A5285BB8810011F933 /* Sources */ = {
			isa = PBXSourcesBuildPhase;
			buildActionMask = 2147483647;
			files = (
				75CF78B0285BB8810011F933 /* HealthyPetUITestsLaunchTests.swift in Sources */,
				75CF78AE285BB8810011F933 /* HealthyPetUITests.swift in Sources */,
			);
			runOnlyForDeploymentPostprocessing = 0;
		};
/* End PBXSourcesBuildPhase section */

/* Begin PBXTargetDependency section */
		75CF78A1285BB8810011F933 /* PBXTargetDependency */ = {
			isa = PBXTargetDependency;
			target = 75CF7888285BB8800011F933 /* HealthyPet */;
			targetProxy = 75CF78A0285BB8810011F933 /* PBXContainerItemProxy */;
		};
		75CF78AB285BB8810011F933 /* PBXTargetDependency */ = {
			isa = PBXTargetDependency;
			target = 75CF7888285BB8800011F933 /* HealthyPet */;
			targetProxy = 75CF78AA285BB8810011F933 /* PBXContainerItemProxy */;
		};
/* End PBXTargetDependency section */

/* Begin PBXVariantGroup section */
		75CF7892285BB8800011F933 /* Main.storyboard */ = {
			isa = PBXVariantGroup;
			children = (
				75CF7893285BB8800011F933 /* Base */,
			);
			name = Main.storyboard;
			sourceTree = "<group>";
		};
		75CF7897285BB8810011F933 /* LaunchScreen.storyboard */ = {
			isa = PBXVariantGroup;
			children = (
				75CF7898285BB8810011F933 /* Base */,
			);
			name = LaunchScreen.storyboard;
			sourceTree = "<group>";
		};
/* End PBXVariantGroup section */

/* Begin XCBuildConfiguration section */
		75CF78B1285BB8810011F933 /* Debug */ = {
			isa = XCBuildConfiguration;
			buildSettings = {
				ALWAYS_SEARCH_USER_PATHS = NO;
				CLANG_ANALYZER_NONNULL = YES;
				CLANG_ANALYZER_NUMBER_OBJECT_CONVERSION = YES_AGGRESSIVE;
				CLANG_CXX_LANGUAGE_STANDARD = "gnu++17";
				CLANG_ENABLE_MODULES = YES;
				CLANG_ENABLE_OBJC_ARC = YES;
				CLANG_ENABLE_OBJC_WEAK = YES;
				CLANG_WARN_BLOCK_CAPTURE_AUTORELEASING = YES;
				CLANG_WARN_BOOL_CONVERSION = YES;
				CLANG_WARN_COMMA = YES;
				CLANG_WARN_CONSTANT_CONVERSION = YES;
				CLANG_WARN_DEPRECATED_OBJC_IMPLEMENTATIONS = YES;
				CLANG_WARN_DIRECT_OBJC_ISA_USAGE = YES_ERROR;
				CLANG_WARN_DOCUMENTATION_COMMENTS = YES;
				CLANG_WARN_EMPTY_BODY = YES;
				CLANG_WARN_ENUM_CONVERSION = YES;
				CLANG_WARN_INFINITE_RECURSION = YES;
				CLANG_WARN_INT_CONVERSION = YES;
				CLANG_WARN_NON_LITERAL_NULL_CONVERSION = YES;
				CLANG_WARN_OBJC_IMPLICIT_RETAIN_SELF = YES;
				CLANG_WARN_OBJC_LITERAL_CONVERSION = YES;
				CLANG_WARN_OBJC_ROOT_CLASS = YES_ERROR;
				CLANG_WARN_QUOTED_INCLUDE_IN_FRAMEWORK_HEADER = YES;
				CLANG_WARN_RANGE_LOOP_ANALYSIS = YES;
				CLANG_WARN_STRICT_PROTOTYPES = YES;
				CLANG_WARN_SUSPICIOUS_MOVE = YES;
				CLANG_WARN_UNGUARDED_AVAILABILITY = YES_AGGRESSIVE;
				CLANG_WARN_UNREACHABLE_CODE = YES;
				CLANG_WARN__DUPLICATE_METHOD_MATCH = YES;
				COPY_PHASE_STRIP = NO;
				DEBUG_INFORMATION_FORMAT = dwarf;
				ENABLE_STRICT_OBJC_MSGSEND = YES;
				ENABLE_TESTABILITY = YES;
				GCC_C_LANGUAGE_STANDARD = gnu11;
				GCC_DYNAMIC_NO_PIC = NO;
				GCC_NO_COMMON_BLOCKS = YES;
				GCC_OPTIMIZATION_LEVEL = 0;
				GCC_PREPROCESSOR_DEFINITIONS = (
					"DEBUG=1",
					"$(inherited)",
				);
				GCC_WARN_64_TO_32_BIT_CONVERSION = YES;
				GCC_WARN_ABOUT_RETURN_TYPE = YES_ERROR;
				GCC_WARN_UNDECLARED_SELECTOR = YES;
				GCC_WARN_UNINITIALIZED_AUTOS = YES_AGGRESSIVE;
				GCC_WARN_UNUSED_FUNCTION = YES;
				GCC_WARN_UNUSED_VARIABLE = YES;
				IPHONEOS_DEPLOYMENT_TARGET = 15.4;
				MTL_ENABLE_DEBUG_INFO = INCLUDE_SOURCE;
				MTL_FAST_MATH = YES;
				ONLY_ACTIVE_ARCH = YES;
				SDKROOT = iphoneos;
				SWIFT_ACTIVE_COMPILATION_CONDITIONS = DEBUG;
				SWIFT_OPTIMIZATION_LEVEL = "-Onone";
			};
			name = Debug;
		};
		75CF78B2285BB8810011F933 /* Release */ = {
			isa = XCBuildConfiguration;
			buildSettings = {
				ALWAYS_SEARCH_USER_PATHS = NO;
				CLANG_ANALYZER_NONNULL = YES;
				CLANG_ANALYZER_NUMBER_OBJECT_CONVERSION = YES_AGGRESSIVE;
				CLANG_CXX_LANGUAGE_STANDARD = "gnu++17";
				CLANG_ENABLE_MODULES = YES;
				CLANG_ENABLE_OBJC_ARC = YES;
				CLANG_ENABLE_OBJC_WEAK = YES;
				CLANG_WARN_BLOCK_CAPTURE_AUTORELEASING = YES;
				CLANG_WARN_BOOL_CONVERSION = YES;
				CLANG_WARN_COMMA = YES;
				CLANG_WARN_CONSTANT_CONVERSION = YES;
				CLANG_WARN_DEPRECATED_OBJC_IMPLEMENTATIONS = YES;
				CLANG_WARN_DIRECT_OBJC_ISA_USAGE = YES_ERROR;
				CLANG_WARN_DOCUMENTATION_COMMENTS = YES;
				CLANG_WARN_EMPTY_BODY = YES;
				CLANG_WARN_ENUM_CONVERSION = YES;
				CLANG_WARN_INFINITE_RECURSION = YES;
				CLANG_WARN_INT_CONVERSION = YES;
				CLANG_WARN_NON_LITERAL_NULL_CONVERSION = YES;
				CLANG_WARN_OBJC_IMPLICIT_RETAIN_SELF = YES;
				CLANG_WARN_OBJC_LITERAL_CONVERSION = YES;
				CLANG_WARN_OBJC_ROOT_CLASS = YES_ERROR;
				CLANG_WARN_QUOTED_INCLUDE_IN_FRAMEWORK_HEADER = YES;
				CLANG_WARN_RANGE_LOOP_ANALYSIS = YES;
				CLANG_WARN_STRICT_PROTOTYPES = YES;
				CLANG_WARN_SUSPICIOUS_MOVE = YES;
				CLANG_WARN_UNGUARDED_AVAILABILITY = YES_AGGRESSIVE;
				CLANG_WARN_UNREACHABLE_CODE = YES;
				CLANG_WARN__DUPLICATE_METHOD_MATCH = YES;
				COPY_PHASE_STRIP = NO;
				DEBUG_INFORMATION_FORMAT = "dwarf-with-dsym";
				ENABLE_NS_ASSERTIONS = NO;
				ENABLE_STRICT_OBJC_MSGSEND = YES;
				GCC_C_LANGUAGE_STANDARD = gnu11;
				GCC_NO_COMMON_BLOCKS = YES;
				GCC_WARN_64_TO_32_BIT_CONVERSION = YES;
				GCC_WARN_ABOUT_RETURN_TYPE = YES_ERROR;
				GCC_WARN_UNDECLARED_SELECTOR = YES;
				GCC_WARN_UNINITIALIZED_AUTOS = YES_AGGRESSIVE;
				GCC_WARN_UNUSED_FUNCTION = YES;
				GCC_WARN_UNUSED_VARIABLE = YES;
				IPHONEOS_DEPLOYMENT_TARGET = 15.4;
				MTL_ENABLE_DEBUG_INFO = NO;
				MTL_FAST_MATH = YES;
				SDKROOT = iphoneos;
				SWIFT_COMPILATION_MODE = wholemodule;
				SWIFT_OPTIMIZATION_LEVEL = "-O";
				VALIDATE_PRODUCT = YES;
			};
			name = Release;
		};
		75CF78B4285BB8810011F933 /* Debug */ = {
			isa = XCBuildConfiguration;
			baseConfigurationReference = 302B24886AA338FA514E8AF0 /* Pods-HealthyPet.debug.xcconfig */;
			buildSettings = {
				ASSETCATALOG_COMPILER_APPICON_NAME = AppIcon;
				ASSETCATALOG_COMPILER_GLOBAL_ACCENT_COLOR_NAME = AccentColor;
				CODE_SIGN_STYLE = Automatic;
				CURRENT_PROJECT_VERSION = 1;
				DEVELOPMENT_TEAM = UU59F7V66K;
				GENERATE_INFOPLIST_FILE = YES;
				INFOPLIST_FILE = "HealthyPet/Application/Supporting Files/Info.plist";
				INFOPLIST_KEY_UIApplicationSupportsIndirectInputEvents = YES;
				INFOPLIST_KEY_UILaunchStoryboardName = LaunchScreen;
				INFOPLIST_KEY_UIMainStoryboardFile = Main;
				INFOPLIST_KEY_UISupportedInterfaceOrientations_iPad = "UIInterfaceOrientationPortrait UIInterfaceOrientationPortraitUpsideDown UIInterfaceOrientationLandscapeLeft UIInterfaceOrientationLandscapeRight";
				INFOPLIST_KEY_UISupportedInterfaceOrientations_iPhone = "UIInterfaceOrientationPortrait UIInterfaceOrientationLandscapeLeft UIInterfaceOrientationLandscapeRight";
				IPHONEOS_DEPLOYMENT_TARGET = 14.0;
				LD_RUNPATH_SEARCH_PATHS = (
					"$(inherited)",
					"@executable_path/Frameworks",
				);
				MARKETING_VERSION = 1.0;
				PRODUCT_BUNDLE_IDENTIFIER = pet.healthy.coursework.HealthyPet;
				PRODUCT_NAME = "$(TARGET_NAME)";
				SWIFT_EMIT_LOC_STRINGS = YES;
				SWIFT_VERSION = 5.0;
				TARGETED_DEVICE_FAMILY = 1;
			};
			name = Debug;
		};
		75CF78B5285BB8810011F933 /* Release */ = {
			isa = XCBuildConfiguration;
			baseConfigurationReference = 65714C1432747EE62431B0F0 /* Pods-HealthyPet.release.xcconfig */;
			buildSettings = {
				ASSETCATALOG_COMPILER_APPICON_NAME = AppIcon;
				ASSETCATALOG_COMPILER_GLOBAL_ACCENT_COLOR_NAME = AccentColor;
				CODE_SIGN_STYLE = Automatic;
				CURRENT_PROJECT_VERSION = 1;
				DEVELOPMENT_TEAM = UU59F7V66K;
				GENERATE_INFOPLIST_FILE = YES;
				INFOPLIST_FILE = "HealthyPet/Application/Supporting Files/Info.plist";
				INFOPLIST_KEY_UIApplicationSupportsIndirectInputEvents = YES;
				INFOPLIST_KEY_UILaunchStoryboardName = LaunchScreen;
				INFOPLIST_KEY_UIMainStoryboardFile = Main;
				INFOPLIST_KEY_UISupportedInterfaceOrientations_iPad = "UIInterfaceOrientationPortrait UIInterfaceOrientationPortraitUpsideDown UIInterfaceOrientationLandscapeLeft UIInterfaceOrientationLandscapeRight";
				INFOPLIST_KEY_UISupportedInterfaceOrientations_iPhone = "UIInterfaceOrientationPortrait UIInterfaceOrientationLandscapeLeft UIInterfaceOrientationLandscapeRight";
				IPHONEOS_DEPLOYMENT_TARGET = 14.0;
				LD_RUNPATH_SEARCH_PATHS = (
					"$(inherited)",
					"@executable_path/Frameworks",
				);
				MARKETING_VERSION = 1.0;
				PRODUCT_BUNDLE_IDENTIFIER = pet.healthy.coursework.HealthyPet;
				PRODUCT_NAME = "$(TARGET_NAME)";
				SWIFT_EMIT_LOC_STRINGS = YES;
				SWIFT_VERSION = 5.0;
				TARGETED_DEVICE_FAMILY = 1;
			};
			name = Release;
		};
		75CF78B7285BB8810011F933 /* Debug */ = {
			isa = XCBuildConfiguration;
			baseConfigurationReference = DE86D6DDB88C935220B3DBAB /* Pods-HealthyPetTests.debug.xcconfig */;
			buildSettings = {
				ALWAYS_EMBED_SWIFT_STANDARD_LIBRARIES = "$(inherited)";
				BUNDLE_LOADER = "$(TEST_HOST)";
				CODE_SIGN_STYLE = Automatic;
				CURRENT_PROJECT_VERSION = 1;
				DEVELOPMENT_TEAM = UU59F7V66K;
				GENERATE_INFOPLIST_FILE = YES;
				IPHONEOS_DEPLOYMENT_TARGET = 15.4;
				MARKETING_VERSION = 1.0;
				PRODUCT_BUNDLE_IDENTIFIER = pet.healthy.coursework.HealthyPetTests;
				PRODUCT_NAME = "$(TARGET_NAME)";
				SWIFT_EMIT_LOC_STRINGS = NO;
				SWIFT_VERSION = 5.0;
				TARGETED_DEVICE_FAMILY = "1,2";
				TEST_HOST = "$(BUILT_PRODUCTS_DIR)/HealthyPet.app/HealthyPet";
			};
			name = Debug;
		};
		75CF78B8285BB8810011F933 /* Release */ = {
			isa = XCBuildConfiguration;
			baseConfigurationReference = 461E8673757921F4763EDC99 /* Pods-HealthyPetTests.release.xcconfig */;
			buildSettings = {
				ALWAYS_EMBED_SWIFT_STANDARD_LIBRARIES = "$(inherited)";
				BUNDLE_LOADER = "$(TEST_HOST)";
				CODE_SIGN_STYLE = Automatic;
				CURRENT_PROJECT_VERSION = 1;
				DEVELOPMENT_TEAM = UU59F7V66K;
				GENERATE_INFOPLIST_FILE = YES;
				IPHONEOS_DEPLOYMENT_TARGET = 15.4;
				MARKETING_VERSION = 1.0;
				PRODUCT_BUNDLE_IDENTIFIER = pet.healthy.coursework.HealthyPetTests;
				PRODUCT_NAME = "$(TARGET_NAME)";
				SWIFT_EMIT_LOC_STRINGS = NO;
				SWIFT_VERSION = 5.0;
				TARGETED_DEVICE_FAMILY = "1,2";
				TEST_HOST = "$(BUILT_PRODUCTS_DIR)/HealthyPet.app/HealthyPet";
			};
			name = Release;
		};
		75CF78BA285BB8810011F933 /* Debug */ = {
			isa = XCBuildConfiguration;
			baseConfigurationReference = 7ED8903CB75201291BAD0690 /* Pods-HealthyPet-HealthyPetUITests.debug.xcconfig */;
			buildSettings = {
				ALWAYS_EMBED_SWIFT_STANDARD_LIBRARIES = "$(inherited)";
				CODE_SIGN_STYLE = Automatic;
				CURRENT_PROJECT_VERSION = 1;
				DEVELOPMENT_TEAM = UU59F7V66K;
				GENERATE_INFOPLIST_FILE = YES;
				MARKETING_VERSION = 1.0;
				PRODUCT_BUNDLE_IDENTIFIER = pet.healthy.coursework.HealthyPetUITests;
				PRODUCT_NAME = "$(TARGET_NAME)";
				SWIFT_EMIT_LOC_STRINGS = NO;
				SWIFT_VERSION = 5.0;
				TARGETED_DEVICE_FAMILY = "1,2";
				TEST_TARGET_NAME = HealthyPet;
			};
			name = Debug;
		};
		75CF78BB285BB8810011F933 /* Release */ = {
			isa = XCBuildConfiguration;
			baseConfigurationReference = E48020F310C2F9A8972A2074 /* Pods-HealthyPet-HealthyPetUITests.release.xcconfig */;
			buildSettings = {
				ALWAYS_EMBED_SWIFT_STANDARD_LIBRARIES = "$(inherited)";
				CODE_SIGN_STYLE = Automatic;
				CURRENT_PROJECT_VERSION = 1;
				DEVELOPMENT_TEAM = UU59F7V66K;
				GENERATE_INFOPLIST_FILE = YES;
				MARKETING_VERSION = 1.0;
				PRODUCT_BUNDLE_IDENTIFIER = pet.healthy.coursework.HealthyPetUITests;
				PRODUCT_NAME = "$(TARGET_NAME)";
				SWIFT_EMIT_LOC_STRINGS = NO;
				SWIFT_VERSION = 5.0;
				TARGETED_DEVICE_FAMILY = "1,2";
				TEST_TARGET_NAME = HealthyPet;
			};
			name = Release;
		};
/* End XCBuildConfiguration section */

/* Begin XCConfigurationList section */
		75CF7884285BB87F0011F933 /* Build configuration list for PBXProject "HealthyPet" */ = {
			isa = XCConfigurationList;
			buildConfigurations = (
				75CF78B1285BB8810011F933 /* Debug */,
				75CF78B2285BB8810011F933 /* Release */,
			);
			defaultConfigurationIsVisible = 0;
			defaultConfigurationName = Release;
		};
		75CF78B3285BB8810011F933 /* Build configuration list for PBXNativeTarget "HealthyPet" */ = {
			isa = XCConfigurationList;
			buildConfigurations = (
				75CF78B4285BB8810011F933 /* Debug */,
				75CF78B5285BB8810011F933 /* Release */,
			);
			defaultConfigurationIsVisible = 0;
			defaultConfigurationName = Release;
		};
		75CF78B6285BB8810011F933 /* Build configuration list for PBXNativeTarget "HealthyPetTests" */ = {
			isa = XCConfigurationList;
			buildConfigurations = (
				75CF78B7285BB8810011F933 /* Debug */,
				75CF78B8285BB8810011F933 /* Release */,
			);
			defaultConfigurationIsVisible = 0;
			defaultConfigurationName = Release;
		};
		75CF78B9285BB8810011F933 /* Build configuration list for PBXNativeTarget "HealthyPetUITests" */ = {
			isa = XCConfigurationList;
			buildConfigurations = (
				75CF78BA285BB8810011F933 /* Debug */,
				75CF78BB285BB8810011F933 /* Release */,
			);
			defaultConfigurationIsVisible = 0;
			defaultConfigurationName = Release;
		};
/* End XCConfigurationList section */

/* Begin XCRemoteSwiftPackageReference section */
		7584D3DD28AF8DD40095F129 /* XCRemoteSwiftPackageReference "Veil" */ = {
			isa = XCRemoteSwiftPackageReference;
			repositoryURL = "https://github.com/DanielCardonaRojas/Veil";
			requirement = {
				kind = upToNextMajorVersion;
				minimumVersion = 0.2.0;
			};
		};
		75D4057F28E0680900EDA918 /* XCRemoteSwiftPackageReference "firebase-ios-sdk" */ = {
			isa = XCRemoteSwiftPackageReference;
			repositoryURL = "https://github.com/firebase/firebase-ios-sdk";
			requirement = {
				kind = upToNextMajorVersion;
				minimumVersion = 9.0.0;
			};
		};
/* End XCRemoteSwiftPackageReference section */

/* Begin XCSwiftPackageProductDependency section */
		7584D3DE28AF8DD40095F129 /* Veil */ = {
			isa = XCSwiftPackageProductDependency;
			package = 7584D3DD28AF8DD40095F129 /* XCRemoteSwiftPackageReference "Veil" */;
			productName = Veil;
		};
		75D4058028E0680900EDA918 /* FirebaseDatabase */ = {
			isa = XCSwiftPackageProductDependency;
			package = 75D4057F28E0680900EDA918 /* XCRemoteSwiftPackageReference "firebase-ios-sdk" */;
			productName = FirebaseDatabase;
		};
		75D4058228E0680A00EDA918 /* FirebaseDatabaseSwift */ = {
			isa = XCSwiftPackageProductDependency;
			package = 75D4057F28E0680900EDA918 /* XCRemoteSwiftPackageReference "firebase-ios-sdk" */;
			productName = FirebaseDatabaseSwift;
		};
		75D4058428E0680A00EDA918 /* FirebaseFirestoreSwift */ = {
			isa = XCSwiftPackageProductDependency;
			package = 75D4057F28E0680900EDA918 /* XCRemoteSwiftPackageReference "firebase-ios-sdk" */;
			productName = FirebaseFirestoreSwift;
		};
		75D4058628E0680A00EDA918 /* FirebaseStorage */ = {
			isa = XCSwiftPackageProductDependency;
			package = 75D4057F28E0680900EDA918 /* XCRemoteSwiftPackageReference "firebase-ios-sdk" */;
			productName = FirebaseStorage;
		};
		75D4058828E0680A00EDA918 /* FirebaseStorageCombine-Community */ = {
			isa = XCSwiftPackageProductDependency;
			package = 75D4057F28E0680900EDA918 /* XCRemoteSwiftPackageReference "firebase-ios-sdk" */;
			productName = "FirebaseStorageCombine-Community";
		};
/* End XCSwiftPackageProductDependency section */
	};
	rootObject = 75CF7881285BB87F0011F933 /* Project object */;
}
