PODS:
  - lottie-ios (3.3.0)
  - ToastViewSwift (1.1.0)

DEPENDENCIES:
  - lottie-ios
  - ToastViewSwift

SPEC REPOS:
  trunk:
    - lottie-ios
    - ToastViewSwift

SPEC CHECKSUMS:
  lottie-ios: 6ac74dcc09904798f59b18cb3075c089d76be9ae
  ToastViewSwift: 8fc7b518fdd834daf4b8009d09435a3fb1d8df46

PODFILE CHECKSUM: 45adeeff512fdd8cc1bb9ea0d310a2aa5145c3eb

COCOAPODS: 1.11.3
